// !$*UTF8*$!
{
	archiveVersion = 1;
	classes = {
	};
	objectVersion = 46;
	objects = {

/* Begin PBXBuildFile section */
		65F02507B9087AA3ECF2E966 /* libPods-HRER.a in Frameworks */ = {isa = PBXBuildFile; fileRef = 5F257A244BFC3C4FF1BA43A2 /* libPods-HRER.a */; };
		B80E94A41D07EEE1000C979A /* HRBindPhoneController.m in Sources */ = {isa = PBXBuildFile; fileRef = B80E94A31D07EEE1000C979A /* HRBindPhoneController.m */; };
		B80E94A91D07FB62000C979A /* RefreshTableView.m in Sources */ = {isa = PBXBuildFile; fileRef = B80E94A81D07FB62000C979A /* RefreshTableView.m */; };
		B85520101D098F2C00C56FC5 /* HomeHeadView.m in Sources */ = {isa = PBXBuildFile; fileRef = B855200F1D098F2C00C56FC5 /* HomeHeadView.m */; };
		B85520151D098F5700C56FC5 /* HereViewController.m in Sources */ = {isa = PBXBuildFile; fileRef = B85520141D098F5700C56FC5 /* HereViewController.m */; };
		B85520191D098FB900C56FC5 /* HRScrollItemView.m in Sources */ = {isa = PBXBuildFile; fileRef = B85520181D098FB900C56FC5 /* HRScrollItemView.m */; };
		B8697D6B1CFC395E00F1BC4B /* HRLoginManager.m in Sources */ = {isa = PBXBuildFile; fileRef = B8697D6A1CFC395E00F1BC4B /* HRLoginManager.m */; };
		B88F10611CF5D005007C930F /* HRLoginViewController.m in Sources */ = {isa = PBXBuildFile; fileRef = B88F10601CF5D005007C930F /* HRLoginViewController.m */; };
		B88F106C1CF5E227007C930F /* MyViewController.m in Sources */ = {isa = PBXBuildFile; fileRef = B88F106B1CF5E227007C930F /* MyViewController.m */; };
		B88F106F1CF5E232007C930F /* FriendsViewController.m in Sources */ = {isa = PBXBuildFile; fileRef = B88F106E1CF5E232007C930F /* FriendsViewController.m */; };
		B88F10721CF5E23B007C930F /* HomeViewController.m in Sources */ = {isa = PBXBuildFile; fileRef = B88F10711CF5E23B007C930F /* HomeViewController.m */; };
		B88F10751CF5E246007C930F /* FindCityViewController.m in Sources */ = {isa = PBXBuildFile; fileRef = B88F10741CF5E246007C930F /* FindCityViewController.m */; };
		B88F107C1CF5E273007C930F /* HRNagationController.m in Sources */ = {isa = PBXBuildFile; fileRef = B88F107B1CF5E273007C930F /* HRNagationController.m */; };
		B8954EAA1CFC7E10006A706A /* HRRegisterViewController.m in Sources */ = {isa = PBXBuildFile; fileRef = B8954EA91CFC7E10006A706A /* HRRegisterViewController.m */; };
		B8954EAE1CFC7E1D006A706A /* HRFinPassViewController.m in Sources */ = {isa = PBXBuildFile; fileRef = B8954EAD1CFC7E1D006A706A /* HRFinPassViewController.m */; };
		B8954EB11CFC7E30006A706A /* HRRegisterDealViewController.m in Sources */ = {isa = PBXBuildFile; fileRef = B8954EB01CFC7E30006A706A /* HRRegisterDealViewController.m */; };
		B8954EB31CFC8877006A706A /* serviceitem.png in Resources */ = {isa = PBXBuildFile; fileRef = B8954EB21CFC8877006A706A /* serviceitem.png */; };
		B89663ED1CF32F7700B2A6CA /* JWCollectionViewFlowLayout.m in Sources */ = {isa = PBXBuildFile; fileRef = B89663E41CF32F7700B2A6CA /* JWCollectionViewFlowLayout.m */; };
		B89663EE1CF32F7700B2A6CA /* NSDictionary+StrDic.m in Sources */ = {isa = PBXBuildFile; fileRef = B89663E61CF32F7700B2A6CA /* NSDictionary+StrDic.m */; };
		B89663EF1CF32F7700B2A6CA /* RefreshCollectionView.m in Sources */ = {isa = PBXBuildFile; fileRef = B89663E81CF32F7700B2A6CA /* RefreshCollectionView.m */; };
		B89663F01CF32F7700B2A6CA /* ToastAlertView.m in Sources */ = {isa = PBXBuildFile; fileRef = B89663EA1CF32F7700B2A6CA /* ToastAlertView.m */; };
		B89663F11CF32F7700B2A6CA /* UIViewController+Method.m in Sources */ = {isa = PBXBuildFile; fileRef = B89663EC1CF32F7700B2A6CA /* UIViewController+Method.m */; };
		B896640B1CF32FD100B2A6CA /* YiRefreshFooter.m in Sources */ = {isa = PBXBuildFile; fileRef = B89663FA1CF32FD100B2A6CA /* YiRefreshFooter.m */; };
		B896640C1CF32FD100B2A6CA /* YiRefreshHeader.m in Sources */ = {isa = PBXBuildFile; fileRef = B89663FC1CF32FD100B2A6CA /* YiRefreshHeader.m */; };
		B896640D1CF32FD100B2A6CA /* RFSegmentView.m in Sources */ = {isa = PBXBuildFile; fileRef = B89663FF1CF32FD100B2A6CA /* RFSegmentView.m */; };
		B896640E1CF32FD100B2A6CA /* UIView+Sizes.m in Sources */ = {isa = PBXBuildFile; fileRef = B89664041CF32FD100B2A6CA /* UIView+Sizes.m */; };
		B896640F1CF32FD100B2A6CA /* UIView+TKCategory.m in Sources */ = {isa = PBXBuildFile; fileRef = B89664061CF32FD100B2A6CA /* UIView+TKCategory.m */; };
		B89664101CF32FD100B2A6CA /* UIViewAdditions.m in Sources */ = {isa = PBXBuildFile; fileRef = B89664081CF32FD100B2A6CA /* UIViewAdditions.m */; };
		B8DF93241CFB2AB1007C4DF9 /* FGuideViewManager.m in Sources */ = {isa = PBXBuildFile; fileRef = B8DF93031CFB2AB1007C4DF9 /* FGuideViewManager.m */; };
		B8DF93251CFB2AB1007C4DF9 /* button_normal.png in Resources */ = {isa = PBXBuildFile; fileRef = B8DF93051CFB2AB1007C4DF9 /* button_normal.png */; };
		B8DF93261CFB2AB1007C4DF9 /* guide_1_1.png in Resources */ = {isa = PBXBuildFile; fileRef = B8DF93061CFB2AB1007C4DF9 /* guide_1_1.png */; };
		B8DF93271CFB2AB1007C4DF9 /* guide_1_2.png in Resources */ = {isa = PBXBuildFile; fileRef = B8DF93071CFB2AB1007C4DF9 /* guide_1_2.png */; };
		B8DF93281CFB2AB1007C4DF9 /* guide_1_3.png in Resources */ = {isa = PBXBuildFile; fileRef = B8DF93081CFB2AB1007C4DF9 /* guide_1_3.png */; };
		B8DF93291CFB2AB1007C4DF9 /* guide_1_4.png in Resources */ = {isa = PBXBuildFile; fileRef = B8DF93091CFB2AB1007C4DF9 /* guide_1_4.png */; };
		B8DF932A1CFB2AB1007C4DF9 /* guide_1_5.png in Resources */ = {isa = PBXBuildFile; fileRef = B8DF930A1CFB2AB1007C4DF9 /* guide_1_5.png */; };
		B8DF932B1CFB2AB1007C4DF9 /* guide_1_5_1.png in Resources */ = {isa = PBXBuildFile; fileRef = B8DF930B1CFB2AB1007C4DF9 /* guide_1_5_1.png */; };
		B8DF932C1CFB2AB1007C4DF9 /* guide_1_5_2.png in Resources */ = {isa = PBXBuildFile; fileRef = B8DF930C1CFB2AB1007C4DF9 /* guide_1_5_2.png */; };
		B8DF932D1CFB2AB1007C4DF9 /* guide_1_5_3.png in Resources */ = {isa = PBXBuildFile; fileRef = B8DF930D1CFB2AB1007C4DF9 /* guide_1_5_3.png */; };
		B8DF932E1CFB2AB1007C4DF9 /* guide_1_5_4.png in Resources */ = {isa = PBXBuildFile; fileRef = B8DF930E1CFB2AB1007C4DF9 /* guide_1_5_4.png */; };
		B8DF932F1CFB2AB1007C4DF9 /* guide_1_5_5.png in Resources */ = {isa = PBXBuildFile; fileRef = B8DF930F1CFB2AB1007C4DF9 /* guide_1_5_5.png */; };
		B8DF93301CFB2AB1007C4DF9 /* guide_nologin_normal.png in Resources */ = {isa = PBXBuildFile; fileRef = B8DF93101CFB2AB1007C4DF9 /* guide_nologin_normal.png */; };
		B8DF93311CFB2AB1007C4DF9 /* guide_nologin_press.png in Resources */ = {isa = PBXBuildFile; fileRef = B8DF93111CFB2AB1007C4DF9 /* guide_nologin_press.png */; };
		B8DF93321CFB2AB1007C4DF9 /* xiaoyuanquan-cur@2x.png in Resources */ = {isa = PBXBuildFile; fileRef = B8DF93121CFB2AB1007C4DF9 /* xiaoyuanquan-cur@2x.png */; };
		B8DF93331CFB2AB1007C4DF9 /* xiaoyuanquan@2x.png in Resources */ = {isa = PBXBuildFile; fileRef = B8DF93131CFB2AB1007C4DF9 /* xiaoyuanquan@2x.png */; };
		B8DF93341CFB2AB1007C4DF9 /* ProjectGuideView.m in Sources */ = {isa = PBXBuildFile; fileRef = B8DF93151CFB2AB1007C4DF9 /* ProjectGuideView.m */; };
		B8DF93381CFB2AD8007C4DF9 /* SMPageControl.m in Sources */ = {isa = PBXBuildFile; fileRef = B8DF93371CFB2AD8007C4DF9 /* SMPageControl.m */; };
		B8DF933B1CFB2BF1007C4DF9 /* LoginStateManager.m in Sources */ = {isa = PBXBuildFile; fileRef = B8DF933A1CFB2BF1007C4DF9 /* LoginStateManager.m */; };
		B8F748B81D07C84B00A2EDCC /* NetWorkEntiry.m in Sources */ = {isa = PBXBuildFile; fileRef = B8F748B71D07C84B00A2EDCC /* NetWorkEntiry.m */; };
		E10DF7741CF6C1A400D5E146 /* HRNavigationTool.m in Sources */ = {isa = PBXBuildFile; fileRef = E10DF7731CF6C1A400D5E146 /* HRNavigationTool.m */; };
		E10DF7881CF6DAB600D5E146 /* MainTabBarController.m in Sources */ = {isa = PBXBuildFile; fileRef = E10DF7871CF6DAB600D5E146 /* MainTabBarController.m */; };
		E10DF78C1CF6DB6F00D5E146 /* btn_card@2x.png in Resources */ = {isa = PBXBuildFile; fileRef = E10DF7891CF6DB6F00D5E146 /* btn_card@2x.png */; };
		E14BD4921CEEF53F00C66E14 /* main.m in Sources */ = {isa = PBXBuildFile; fileRef = E14BD4911CEEF53F00C66E14 /* main.m */; };
		E14BD4951CEEF53F00C66E14 /* AppDelegate.m in Sources */ = {isa = PBXBuildFile; fileRef = E14BD4941CEEF53F00C66E14 /* AppDelegate.m */; };
		E14BD49D1CEEF53F00C66E14 /* Assets.xcassets in Resources */ = {isa = PBXBuildFile; fileRef = E14BD49C1CEEF53F00C66E14 /* Assets.xcassets */; };
		E14BD4AE1CEEF78F00C66E14 /* MapKit.framework in Frameworks */ = {isa = PBXBuildFile; fileRef = E14BD4AD1CEEF78F00C66E14 /* MapKit.framework */; };
		E14BD4C21CEEFBF900C66E14 /* HRMapView.m in Sources */ = {isa = PBXBuildFile; fileRef = E14BD4C11CEEFBF900C66E14 /* HRMapView.m */; };
		E14BD4C51CEEFC0700C66E14 /* HRLocationManager.m in Sources */ = {isa = PBXBuildFile; fileRef = E14BD4C41CEEFC0700C66E14 /* HRLocationManager.m */; };
		E14BD4C71CEF073100C66E14 /* Default-568h@2x.png in Resources */ = {isa = PBXBuildFile; fileRef = E14BD4C61CEF073100C66E14 /* Default-568h@2x.png */; };
		E14BD4CA1CEF0AC900C66E14 /* Localization.strings in Resources */ = {isa = PBXBuildFile; fileRef = E14BD4CC1CEF0AC900C66E14 /* Localization.strings */; };
		E14BD4F01CF2CAD200C66E14 /* HRAnomation.m in Sources */ = {isa = PBXBuildFile; fileRef = E14BD4EF1CF2CAD200C66E14 /* HRAnomation.m */; };
		E14BD4F51CF2D76700C66E14 /* HRPinAnnomationView.m in Sources */ = {isa = PBXBuildFile; fileRef = E14BD4F41CF2D76700C66E14 /* HRPinAnnomationView.m */; };
		E1AC6CF51CFD3D1F00EADF02 /* HRNewPassViewController.m in Sources */ = {isa = PBXBuildFile; fileRef = E1AC6CF41CFD3D1F00EADF02 /* HRNewPassViewController.m */; };
		E1C303701CF43C1F001C016B /* libWeChatSDK.a in Frameworks */ = {isa = PBXBuildFile; fileRef = E1C3036B1CF43C1F001C016B /* libWeChatSDK.a */; };
		E1C303711CF43C1F001C016B /* README.txt in Resources */ = {isa = PBXBuildFile; fileRef = E1C3036C1CF43C1F001C016B /* README.txt */; };
		E1C303731CF43CDA001C016B /* SystemConfiguration.framework in Frameworks */ = {isa = PBXBuildFile; fileRef = E1C303721CF43CDA001C016B /* SystemConfiguration.framework */; };
		E1C303751CF43D08001C016B /* libz.tbd in Frameworks */ = {isa = PBXBuildFile; fileRef = E1C303741CF43D08001C016B /* libz.tbd */; };
		E1C303771CF43D12001C016B /* libsqlite3.0.tbd in Frameworks */ = {isa = PBXBuildFile; fileRef = E1C303761CF43D12001C016B /* libsqlite3.0.tbd */; };
		E1C303791CF43D1D001C016B /* libc++.tbd in Frameworks */ = {isa = PBXBuildFile; fileRef = E1C303781CF43D1D001C016B /* libc++.tbd */; };
		E1C3037B1CF43DBD001C016B /* CoreTelephony.framework in Frameworks */ = {isa = PBXBuildFile; fileRef = E1C3037A1CF43DBD001C016B /* CoreTelephony.framework */; };
		E1C3037F1CF43E71001C016B /* HRWebCatLogin.m in Sources */ = {isa = PBXBuildFile; fileRef = E1C3037E1CF43E71001C016B /* HRWebCatLogin.m */; };
		E1C303921CF442C4001C016B /* HRWeCatManager.m in Sources */ = {isa = PBXBuildFile; fileRef = E1C303911CF442C4001C016B /* HRWeCatManager.m */; };
		E1C303A81CF58232001C016B /* TencentOpenAPI.framework in Frameworks */ = {isa = PBXBuildFile; fileRef = E1C303A61CF58232001C016B /* TencentOpenAPI.framework */; };
		E1C303A91CF58232001C016B /* TencentOpenApi_IOS_Bundle.bundle in Resources */ = {isa = PBXBuildFile; fileRef = E1C303A71CF58232001C016B /* TencentOpenApi_IOS_Bundle.bundle */; };
		E1C303AC1CF58BE9001C016B /* HRQQManager.m in Sources */ = {isa = PBXBuildFile; fileRef = E1C303AB1CF58BE9001C016B /* HRQQManager.m */; };
		E1C303C01CF596BF001C016B /* HRWebCatShare.m in Sources */ = {isa = PBXBuildFile; fileRef = E1C303BF1CF596BF001C016B /* HRWebCatShare.m */; };
		E1E3AB151CF6F2AC00DD5608 /* AppSysConfig.m in Sources */ = {isa = PBXBuildFile; fileRef = E1E3AB141CF6F2AC00DD5608 /* AppSysConfig.m */; };
		E1E3AB491CF81B4B00DD5608 /* libHRImageScroll.a in Frameworks */ = {isa = PBXBuildFile; fileRef = E1E3AB481CF81B3800DD5608 /* libHRImageScroll.a */; };
		E1E3AB621CFBEE6600DD5608 /* HereDataModel.m in Sources */ = {isa = PBXBuildFile; fileRef = E1E3AB611CFBEE6600DD5608 /* HereDataModel.m */; };
		E1F726621CF6E15500799A50 /* HRAddressBookManager.m in Sources */ = {isa = PBXBuildFile; fileRef = E1F726611CF6E15500799A50 /* HRAddressBookManager.m */; };
/* End PBXBuildFile section */

/* Begin PBXContainerItemProxy section */
		E1E3AB471CF81B3800DD5608 /* PBXContainerItemProxy */ = {
			isa = PBXContainerItemProxy;
			containerPortal = E1E3AB431CF81B3800DD5608 /* HRImageScroll.xcodeproj */;
			proxyType = 2;
			remoteGlobalIDString = E1E3AB1F1CF7FA0500DD5608;
			remoteInfo = HRImageScroll;
		};
/* End PBXContainerItemProxy section */

/* Begin PBXFileReference section */
		26EDF89553D0EF9D05F69A42 /* Pods-HRER.release.xcconfig */ = {isa = PBXFileReference; includeInIndex = 1; lastKnownFileType = text.xcconfig; name = "Pods-HRER.release.xcconfig"; path = "Pods/Target Support Files/Pods-HRER/Pods-HRER.release.xcconfig"; sourceTree = "<group>"; };
		5F257A244BFC3C4FF1BA43A2 /* libPods-HRER.a */ = {isa = PBXFileReference; explicitFileType = archive.ar; includeInIndex = 0; path = "libPods-HRER.a"; sourceTree = BUILT_PRODUCTS_DIR; };
		945292EBCA75C77D85B46D4E /* Pods-HRER.debug.xcconfig */ = {isa = PBXFileReference; includeInIndex = 1; lastKnownFileType = text.xcconfig; name = "Pods-HRER.debug.xcconfig"; path = "Pods/Target Support Files/Pods-HRER/Pods-HRER.debug.xcconfig"; sourceTree = "<group>"; };
		B80E94A21D07EEE1000C979A /* HRBindPhoneController.h */ = {isa = PBXFileReference; fileEncoding = 4; lastKnownFileType = sourcecode.c.h; path = HRBindPhoneController.h; sourceTree = "<group>"; };
		B80E94A31D07EEE1000C979A /* HRBindPhoneController.m */ = {isa = PBXFileReference; fileEncoding = 4; lastKnownFileType = sourcecode.c.objc; path = HRBindPhoneController.m; sourceTree = "<group>"; };
		B80E94A71D07FB62000C979A /* RefreshTableView.h */ = {isa = PBXFileReference; fileEncoding = 4; lastKnownFileType = sourcecode.c.h; path = RefreshTableView.h; sourceTree = "<group>"; };
		B80E94A81D07FB62000C979A /* RefreshTableView.m */ = {isa = PBXFileReference; fileEncoding = 4; lastKnownFileType = sourcecode.c.objc; path = RefreshTableView.m; sourceTree = "<group>"; };
		B855200E1D098F2C00C56FC5 /* HomeHeadView.h */ = {isa = PBXFileReference; fileEncoding = 4; lastKnownFileType = sourcecode.c.h; path = HomeHeadView.h; sourceTree = "<group>"; };
		B855200F1D098F2C00C56FC5 /* HomeHeadView.m */ = {isa = PBXFileReference; fileEncoding = 4; lastKnownFileType = sourcecode.c.objc; path = HomeHeadView.m; sourceTree = "<group>"; };
		B85520131D098F5700C56FC5 /* HereViewController.h */ = {isa = PBXFileReference; fileEncoding = 4; lastKnownFileType = sourcecode.c.h; path = HereViewController.h; sourceTree = "<group>"; };
		B85520141D098F5700C56FC5 /* HereViewController.m */ = {isa = PBXFileReference; fileEncoding = 4; lastKnownFileType = sourcecode.c.objc; path = HereViewController.m; sourceTree = "<group>"; };
		B85520171D098FB900C56FC5 /* HRScrollItemView.h */ = {isa = PBXFileReference; fileEncoding = 4; lastKnownFileType = sourcecode.c.h; path = HRScrollItemView.h; sourceTree = "<group>"; };
		B85520181D098FB900C56FC5 /* HRScrollItemView.m */ = {isa = PBXFileReference; fileEncoding = 4; lastKnownFileType = sourcecode.c.objc; path = HRScrollItemView.m; sourceTree = "<group>"; };
		B8697D691CFC395E00F1BC4B /* HRLoginManager.h */ = {isa = PBXFileReference; fileEncoding = 4; lastKnownFileType = sourcecode.c.h; path = HRLoginManager.h; sourceTree = "<group>"; };
		B8697D6A1CFC395E00F1BC4B /* HRLoginManager.m */ = {isa = PBXFileReference; fileEncoding = 4; lastKnownFileType = sourcecode.c.objc; path = HRLoginManager.m; sourceTree = "<group>"; };
		B88F105F1CF5D005007C930F /* HRLoginViewController.h */ = {isa = PBXFileReference; fileEncoding = 4; lastKnownFileType = sourcecode.c.h; path = HRLoginViewController.h; sourceTree = "<group>"; };
		B88F10601CF5D005007C930F /* HRLoginViewController.m */ = {isa = PBXFileReference; fileEncoding = 4; lastKnownFileType = sourcecode.c.objc; path = HRLoginViewController.m; sourceTree = "<group>"; };
		B88F106A1CF5E227007C930F /* MyViewController.h */ = {isa = PBXFileReference; fileEncoding = 4; lastKnownFileType = sourcecode.c.h; path = MyViewController.h; sourceTree = "<group>"; };
		B88F106B1CF5E227007C930F /* MyViewController.m */ = {isa = PBXFileReference; fileEncoding = 4; lastKnownFileType = sourcecode.c.objc; path = MyViewController.m; sourceTree = "<group>"; };
		B88F106D1CF5E232007C930F /* FriendsViewController.h */ = {isa = PBXFileReference; fileEncoding = 4; lastKnownFileType = sourcecode.c.h; path = FriendsViewController.h; sourceTree = "<group>"; };
		B88F106E1CF5E232007C930F /* FriendsViewController.m */ = {isa = PBXFileReference; fileEncoding = 4; lastKnownFileType = sourcecode.c.objc; path = FriendsViewController.m; sourceTree = "<group>"; };
		B88F10701CF5E23B007C930F /* HomeViewController.h */ = {isa = PBXFileReference; fileEncoding = 4; lastKnownFileType = sourcecode.c.h; path = HomeViewController.h; sourceTree = "<group>"; };
		B88F10711CF5E23B007C930F /* HomeViewController.m */ = {isa = PBXFileReference; fileEncoding = 4; lastKnownFileType = sourcecode.c.objc; path = HomeViewController.m; sourceTree = "<group>"; };
		B88F10731CF5E246007C930F /* FindCityViewController.h */ = {isa = PBXFileReference; fileEncoding = 4; lastKnownFileType = sourcecode.c.h; path = FindCityViewController.h; sourceTree = "<group>"; };
		B88F10741CF5E246007C930F /* FindCityViewController.m */ = {isa = PBXFileReference; fileEncoding = 4; lastKnownFileType = sourcecode.c.objc; path = FindCityViewController.m; sourceTree = "<group>"; };
		B88F107A1CF5E273007C930F /* HRNagationController.h */ = {isa = PBXFileReference; fileEncoding = 4; lastKnownFileType = sourcecode.c.h; path = HRNagationController.h; sourceTree = "<group>"; };
		B88F107B1CF5E273007C930F /* HRNagationController.m */ = {isa = PBXFileReference; fileEncoding = 4; lastKnownFileType = sourcecode.c.objc; path = HRNagationController.m; sourceTree = "<group>"; };
		B8954EA81CFC7E10006A706A /* HRRegisterViewController.h */ = {isa = PBXFileReference; fileEncoding = 4; lastKnownFileType = sourcecode.c.h; path = HRRegisterViewController.h; sourceTree = "<group>"; };
		B8954EA91CFC7E10006A706A /* HRRegisterViewController.m */ = {isa = PBXFileReference; fileEncoding = 4; lastKnownFileType = sourcecode.c.objc; path = HRRegisterViewController.m; sourceTree = "<group>"; };
		B8954EAC1CFC7E1D006A706A /* HRFinPassViewController.h */ = {isa = PBXFileReference; fileEncoding = 4; lastKnownFileType = sourcecode.c.h; path = HRFinPassViewController.h; sourceTree = "<group>"; };
		B8954EAD1CFC7E1D006A706A /* HRFinPassViewController.m */ = {isa = PBXFileReference; fileEncoding = 4; lastKnownFileType = sourcecode.c.objc; path = HRFinPassViewController.m; sourceTree = "<group>"; };
		B8954EAF1CFC7E30006A706A /* HRRegisterDealViewController.h */ = {isa = PBXFileReference; fileEncoding = 4; lastKnownFileType = sourcecode.c.h; path = HRRegisterDealViewController.h; sourceTree = "<group>"; };
		B8954EB01CFC7E30006A706A /* HRRegisterDealViewController.m */ = {isa = PBXFileReference; fileEncoding = 4; lastKnownFileType = sourcecode.c.objc; path = HRRegisterDealViewController.m; sourceTree = "<group>"; };
		B8954EB21CFC8877006A706A /* serviceitem.png */ = {isa = PBXFileReference; lastKnownFileType = image.png; path = serviceitem.png; sourceTree = "<group>"; };
		B89663E31CF32F7700B2A6CA /* JWCollectionViewFlowLayout.h */ = {isa = PBXFileReference; fileEncoding = 4; lastKnownFileType = sourcecode.c.h; path = JWCollectionViewFlowLayout.h; sourceTree = "<group>"; };
		B89663E41CF32F7700B2A6CA /* JWCollectionViewFlowLayout.m */ = {isa = PBXFileReference; fileEncoding = 4; lastKnownFileType = sourcecode.c.objc; path = JWCollectionViewFlowLayout.m; sourceTree = "<group>"; };
		B89663E51CF32F7700B2A6CA /* NSDictionary+StrDic.h */ = {isa = PBXFileReference; fileEncoding = 4; lastKnownFileType = sourcecode.c.h; path = "NSDictionary+StrDic.h"; sourceTree = "<group>"; };
		B89663E61CF32F7700B2A6CA /* NSDictionary+StrDic.m */ = {isa = PBXFileReference; fileEncoding = 4; lastKnownFileType = sourcecode.c.objc; path = "NSDictionary+StrDic.m"; sourceTree = "<group>"; };
		B89663E71CF32F7700B2A6CA /* RefreshCollectionView.h */ = {isa = PBXFileReference; fileEncoding = 4; lastKnownFileType = sourcecode.c.h; path = RefreshCollectionView.h; sourceTree = "<group>"; };
		B89663E81CF32F7700B2A6CA /* RefreshCollectionView.m */ = {isa = PBXFileReference; fileEncoding = 4; lastKnownFileType = sourcecode.c.objc; path = RefreshCollectionView.m; sourceTree = "<group>"; };
		B89663E91CF32F7700B2A6CA /* ToastAlertView.h */ = {isa = PBXFileReference; fileEncoding = 4; lastKnownFileType = sourcecode.c.h; path = ToastAlertView.h; sourceTree = "<group>"; };
		B89663EA1CF32F7700B2A6CA /* ToastAlertView.m */ = {isa = PBXFileReference; fileEncoding = 4; lastKnownFileType = sourcecode.c.objc; path = ToastAlertView.m; sourceTree = "<group>"; };
		B89663EB1CF32F7700B2A6CA /* UIViewController+Method.h */ = {isa = PBXFileReference; fileEncoding = 4; lastKnownFileType = sourcecode.c.h; path = "UIViewController+Method.h"; sourceTree = "<group>"; };
		B89663EC1CF32F7700B2A6CA /* UIViewController+Method.m */ = {isa = PBXFileReference; fileEncoding = 4; lastKnownFileType = sourcecode.c.objc; path = "UIViewController+Method.m"; sourceTree = "<group>"; };
		B89663F81CF32FD100B2A6CA /* Header.h */ = {isa = PBXFileReference; fileEncoding = 4; lastKnownFileType = sourcecode.c.h; path = Header.h; sourceTree = "<group>"; };
		B89663F91CF32FD100B2A6CA /* YiRefreshFooter.h */ = {isa = PBXFileReference; fileEncoding = 4; lastKnownFileType = sourcecode.c.h; path = YiRefreshFooter.h; sourceTree = "<group>"; };
		B89663FA1CF32FD100B2A6CA /* YiRefreshFooter.m */ = {isa = PBXFileReference; fileEncoding = 4; lastKnownFileType = sourcecode.c.objc; path = YiRefreshFooter.m; sourceTree = "<group>"; };
		B89663FB1CF32FD100B2A6CA /* YiRefreshHeader.h */ = {isa = PBXFileReference; fileEncoding = 4; lastKnownFileType = sourcecode.c.h; path = YiRefreshHeader.h; sourceTree = "<group>"; };
		B89663FC1CF32FD100B2A6CA /* YiRefreshHeader.m */ = {isa = PBXFileReference; fileEncoding = 4; lastKnownFileType = sourcecode.c.objc; path = YiRefreshHeader.m; sourceTree = "<group>"; };
		B89663FE1CF32FD100B2A6CA /* RFSegmentView.h */ = {isa = PBXFileReference; fileEncoding = 4; lastKnownFileType = sourcecode.c.h; path = RFSegmentView.h; sourceTree = "<group>"; };
		B89663FF1CF32FD100B2A6CA /* RFSegmentView.m */ = {isa = PBXFileReference; fileEncoding = 4; lastKnownFileType = sourcecode.c.objc; path = RFSegmentView.m; sourceTree = "<group>"; };
		B89664011CF32FD100B2A6CA /* Dlog.h */ = {isa = PBXFileReference; fileEncoding = 4; lastKnownFileType = sourcecode.c.h; path = Dlog.h; sourceTree = "<group>"; };
		B89664021CF32FD100B2A6CA /* SWCommonMacro.h */ = {isa = PBXFileReference; fileEncoding = 4; lastKnownFileType = sourcecode.c.h; path = SWCommonMacro.h; sourceTree = "<group>"; };
		B89664031CF32FD100B2A6CA /* UIView+Sizes.h */ = {isa = PBXFileReference; fileEncoding = 4; lastKnownFileType = sourcecode.c.h; path = "UIView+Sizes.h"; sourceTree = "<group>"; };
		B89664041CF32FD100B2A6CA /* UIView+Sizes.m */ = {isa = PBXFileReference; fileEncoding = 4; lastKnownFileType = sourcecode.c.objc; path = "UIView+Sizes.m"; sourceTree = "<group>"; };
		B89664051CF32FD100B2A6CA /* UIView+TKCategory.h */ = {isa = PBXFileReference; fileEncoding = 4; lastKnownFileType = sourcecode.c.h; path = "UIView+TKCategory.h"; sourceTree = "<group>"; };
		B89664061CF32FD100B2A6CA /* UIView+TKCategory.m */ = {isa = PBXFileReference; fileEncoding = 4; lastKnownFileType = sourcecode.c.objc; path = "UIView+TKCategory.m"; sourceTree = "<group>"; };
		B89664071CF32FD100B2A6CA /* UIViewAdditions.h */ = {isa = PBXFileReference; fileEncoding = 4; lastKnownFileType = sourcecode.c.h; path = UIViewAdditions.h; sourceTree = "<group>"; };
		B89664081CF32FD100B2A6CA /* UIViewAdditions.m */ = {isa = PBXFileReference; fileEncoding = 4; lastKnownFileType = sourcecode.c.objc; path = UIViewAdditions.m; sourceTree = "<group>"; };
		B89664111CF32FF700B2A6CA /* PrefixHeader.pch */ = {isa = PBXFileReference; fileEncoding = 4; lastKnownFileType = sourcecode.c.h; name = PrefixHeader.pch; path = ../PrefixHeader.pch; sourceTree = "<group>"; };
		B8DF93021CFB2AB1007C4DF9 /* FGuideViewManager.h */ = {isa = PBXFileReference; fileEncoding = 4; lastKnownFileType = sourcecode.c.h; path = FGuideViewManager.h; sourceTree = "<group>"; };
		B8DF93031CFB2AB1007C4DF9 /* FGuideViewManager.m */ = {isa = PBXFileReference; fileEncoding = 4; lastKnownFileType = sourcecode.c.objc; path = FGuideViewManager.m; sourceTree = "<group>"; };
		B8DF93051CFB2AB1007C4DF9 /* button_normal.png */ = {isa = PBXFileReference; lastKnownFileType = image.png; path = button_normal.png; sourceTree = "<group>"; };
		B8DF93061CFB2AB1007C4DF9 /* guide_1_1.png */ = {isa = PBXFileReference; lastKnownFileType = image.png; path = guide_1_1.png; sourceTree = "<group>"; };
		B8DF93071CFB2AB1007C4DF9 /* guide_1_2.png */ = {isa = PBXFileReference; lastKnownFileType = image.png; path = guide_1_2.png; sourceTree = "<group>"; };
		B8DF93081CFB2AB1007C4DF9 /* guide_1_3.png */ = {isa = PBXFileReference; lastKnownFileType = image.png; path = guide_1_3.png; sourceTree = "<group>"; };
		B8DF93091CFB2AB1007C4DF9 /* guide_1_4.png */ = {isa = PBXFileReference; lastKnownFileType = image.png; path = guide_1_4.png; sourceTree = "<group>"; };
		B8DF930A1CFB2AB1007C4DF9 /* guide_1_5.png */ = {isa = PBXFileReference; lastKnownFileType = image.png; path = guide_1_5.png; sourceTree = "<group>"; };
		B8DF930B1CFB2AB1007C4DF9 /* guide_1_5_1.png */ = {isa = PBXFileReference; lastKnownFileType = image.png; path = guide_1_5_1.png; sourceTree = "<group>"; };
		B8DF930C1CFB2AB1007C4DF9 /* guide_1_5_2.png */ = {isa = PBXFileReference; lastKnownFileType = image.png; path = guide_1_5_2.png; sourceTree = "<group>"; };
		B8DF930D1CFB2AB1007C4DF9 /* guide_1_5_3.png */ = {isa = PBXFileReference; lastKnownFileType = image.png; path = guide_1_5_3.png; sourceTree = "<group>"; };
		B8DF930E1CFB2AB1007C4DF9 /* guide_1_5_4.png */ = {isa = PBXFileReference; lastKnownFileType = image.png; path = guide_1_5_4.png; sourceTree = "<group>"; };
		B8DF930F1CFB2AB1007C4DF9 /* guide_1_5_5.png */ = {isa = PBXFileReference; lastKnownFileType = image.png; path = guide_1_5_5.png; sourceTree = "<group>"; };
		B8DF93101CFB2AB1007C4DF9 /* guide_nologin_normal.png */ = {isa = PBXFileReference; lastKnownFileType = image.png; path = guide_nologin_normal.png; sourceTree = "<group>"; };
		B8DF93111CFB2AB1007C4DF9 /* guide_nologin_press.png */ = {isa = PBXFileReference; lastKnownFileType = image.png; path = guide_nologin_press.png; sourceTree = "<group>"; };
		B8DF93121CFB2AB1007C4DF9 /* xiaoyuanquan-cur@2x.png */ = {isa = PBXFileReference; lastKnownFileType = image.png; path = "xiaoyuanquan-cur@2x.png"; sourceTree = "<group>"; };
		B8DF93131CFB2AB1007C4DF9 /* xiaoyuanquan@2x.png */ = {isa = PBXFileReference; lastKnownFileType = image.png; path = "xiaoyuanquan@2x.png"; sourceTree = "<group>"; };
		B8DF93141CFB2AB1007C4DF9 /* ProjectGuideView.h */ = {isa = PBXFileReference; fileEncoding = 4; lastKnownFileType = sourcecode.c.h; path = ProjectGuideView.h; sourceTree = "<group>"; };
		B8DF93151CFB2AB1007C4DF9 /* ProjectGuideView.m */ = {isa = PBXFileReference; fileEncoding = 4; lastKnownFileType = sourcecode.c.objc; path = ProjectGuideView.m; sourceTree = "<group>"; };
		B8DF93361CFB2AD8007C4DF9 /* SMPageControl.h */ = {isa = PBXFileReference; fileEncoding = 4; lastKnownFileType = sourcecode.c.h; path = SMPageControl.h; sourceTree = "<group>"; };
		B8DF93371CFB2AD8007C4DF9 /* SMPageControl.m */ = {isa = PBXFileReference; fileEncoding = 4; lastKnownFileType = sourcecode.c.objc; path = SMPageControl.m; sourceTree = "<group>"; };
		B8DF93391CFB2BF1007C4DF9 /* LoginStateManager.h */ = {isa = PBXFileReference; fileEncoding = 4; lastKnownFileType = sourcecode.c.h; path = LoginStateManager.h; sourceTree = "<group>"; };
		B8DF933A1CFB2BF1007C4DF9 /* LoginStateManager.m */ = {isa = PBXFileReference; fileEncoding = 4; lastKnownFileType = sourcecode.c.objc; path = LoginStateManager.m; sourceTree = "<group>"; };
		B8F748B61D07C84B00A2EDCC /* NetWorkEntiry.h */ = {isa = PBXFileReference; fileEncoding = 4; lastKnownFileType = sourcecode.c.h; path = NetWorkEntiry.h; sourceTree = "<group>"; };
		B8F748B71D07C84B00A2EDCC /* NetWorkEntiry.m */ = {isa = PBXFileReference; fileEncoding = 4; lastKnownFileType = sourcecode.c.objc; path = NetWorkEntiry.m; sourceTree = "<group>"; };
		E10DF7721CF6C1A400D5E146 /* HRNavigationTool.h */ = {isa = PBXFileReference; fileEncoding = 4; lastKnownFileType = sourcecode.c.h; path = HRNavigationTool.h; sourceTree = "<group>"; };
		E10DF7731CF6C1A400D5E146 /* HRNavigationTool.m */ = {isa = PBXFileReference; fileEncoding = 4; lastKnownFileType = sourcecode.c.objc; path = HRNavigationTool.m; sourceTree = "<group>"; };
		E10DF7861CF6DAB600D5E146 /* MainTabBarController.h */ = {isa = PBXFileReference; fileEncoding = 4; lastKnownFileType = sourcecode.c.h; path = MainTabBarController.h; sourceTree = "<group>"; };
		E10DF7871CF6DAB600D5E146 /* MainTabBarController.m */ = {isa = PBXFileReference; fileEncoding = 4; lastKnownFileType = sourcecode.c.objc; path = MainTabBarController.m; sourceTree = "<group>"; };
		E10DF7891CF6DB6F00D5E146 /* btn_card@2x.png */ = {isa = PBXFileReference; lastKnownFileType = image.png; path = "btn_card@2x.png"; sourceTree = "<group>"; };
		E14BD48D1CEEF53F00C66E14 /* HRER.app */ = {isa = PBXFileReference; explicitFileType = wrapper.application; includeInIndex = 0; path = HRER.app; sourceTree = BUILT_PRODUCTS_DIR; };
		E14BD4911CEEF53F00C66E14 /* main.m */ = {isa = PBXFileReference; lastKnownFileType = sourcecode.c.objc; path = main.m; sourceTree = "<group>"; };
		E14BD4931CEEF53F00C66E14 /* AppDelegate.h */ = {isa = PBXFileReference; lastKnownFileType = sourcecode.c.h; name = AppDelegate.h; path = HRER/AppDelegate.h; sourceTree = "<group>"; };
		E14BD4941CEEF53F00C66E14 /* AppDelegate.m */ = {isa = PBXFileReference; lastKnownFileType = sourcecode.c.objc; name = AppDelegate.m; path = HRER/AppDelegate.m; sourceTree = "<group>"; };
		E14BD49C1CEEF53F00C66E14 /* Assets.xcassets */ = {isa = PBXFileReference; lastKnownFileType = folder.assetcatalog; path = Assets.xcassets; sourceTree = "<group>"; };
		E14BD4A11CEEF53F00C66E14 /* Info.plist */ = {isa = PBXFileReference; lastKnownFileType = text.plist.xml; path = Info.plist; sourceTree = "<group>"; };
		E14BD4AD1CEEF78F00C66E14 /* MapKit.framework */ = {isa = PBXFileReference; lastKnownFileType = wrapper.framework; name = MapKit.framework; path = System/Library/Frameworks/MapKit.framework; sourceTree = SDKROOT; };
		E14BD4C01CEEFBF900C66E14 /* HRMapView.h */ = {isa = PBXFileReference; fileEncoding = 4; lastKnownFileType = sourcecode.c.h; path = HRMapView.h; sourceTree = "<group>"; };
		E14BD4C11CEEFBF900C66E14 /* HRMapView.m */ = {isa = PBXFileReference; fileEncoding = 4; lastKnownFileType = sourcecode.c.objc; path = HRMapView.m; sourceTree = "<group>"; };
		E14BD4C31CEEFC0700C66E14 /* HRLocationManager.h */ = {isa = PBXFileReference; fileEncoding = 4; lastKnownFileType = sourcecode.c.h; path = HRLocationManager.h; sourceTree = "<group>"; };
		E14BD4C41CEEFC0700C66E14 /* HRLocationManager.m */ = {isa = PBXFileReference; fileEncoding = 4; lastKnownFileType = sourcecode.c.objc; path = HRLocationManager.m; sourceTree = "<group>"; };
		E14BD4C61CEF073100C66E14 /* Default-568h@2x.png */ = {isa = PBXFileReference; lastKnownFileType = image.png; path = "Default-568h@2x.png"; sourceTree = "<group>"; };
		E14BD4CB1CEF0AC900C66E14 /* Base */ = {isa = PBXFileReference; lastKnownFileType = text.plist.strings; name = Base; path = Base.lproj/Localization.strings; sourceTree = "<group>"; };
		E14BD4CD1CEF0AE600C66E14 /* zh-Hans */ = {isa = PBXFileReference; lastKnownFileType = text.plist.strings; name = "zh-Hans"; path = "zh-Hans.lproj/Localization.strings"; sourceTree = "<group>"; };
		E14BD4EE1CF2CAD200C66E14 /* HRAnomation.h */ = {isa = PBXFileReference; fileEncoding = 4; lastKnownFileType = sourcecode.c.h; path = HRAnomation.h; sourceTree = "<group>"; };
		E14BD4EF1CF2CAD200C66E14 /* HRAnomation.m */ = {isa = PBXFileReference; fileEncoding = 4; lastKnownFileType = sourcecode.c.objc; path = HRAnomation.m; sourceTree = "<group>"; };
		E14BD4F31CF2D76700C66E14 /* HRPinAnnomationView.h */ = {isa = PBXFileReference; fileEncoding = 4; lastKnownFileType = sourcecode.c.h; path = HRPinAnnomationView.h; sourceTree = "<group>"; };
		E14BD4F41CF2D76700C66E14 /* HRPinAnnomationView.m */ = {isa = PBXFileReference; fileEncoding = 4; lastKnownFileType = sourcecode.c.objc; path = HRPinAnnomationView.m; sourceTree = "<group>"; };
		E1AC6CF31CFD3D1F00EADF02 /* HRNewPassViewController.h */ = {isa = PBXFileReference; fileEncoding = 4; lastKnownFileType = sourcecode.c.h; path = HRNewPassViewController.h; sourceTree = "<group>"; };
		E1AC6CF41CFD3D1F00EADF02 /* HRNewPassViewController.m */ = {isa = PBXFileReference; fileEncoding = 4; lastKnownFileType = sourcecode.c.objc; path = HRNewPassViewController.m; sourceTree = "<group>"; };
		E1C3036B1CF43C1F001C016B /* libWeChatSDK.a */ = {isa = PBXFileReference; lastKnownFileType = archive.ar; path = libWeChatSDK.a; sourceTree = "<group>"; };
		E1C3036C1CF43C1F001C016B /* README.txt */ = {isa = PBXFileReference; fileEncoding = 4; lastKnownFileType = text; path = README.txt; sourceTree = "<group>"; };
		E1C3036D1CF43C1F001C016B /* WechatAuthSDK.h */ = {isa = PBXFileReference; fileEncoding = 4; lastKnownFileType = sourcecode.c.h; path = WechatAuthSDK.h; sourceTree = "<group>"; };
		E1C3036E1CF43C1F001C016B /* WXApi.h */ = {isa = PBXFileReference; fileEncoding = 4; lastKnownFileType = sourcecode.c.h; path = WXApi.h; sourceTree = "<group>"; };
		E1C3036F1CF43C1F001C016B /* WXApiObject.h */ = {isa = PBXFileReference; fileEncoding = 4; lastKnownFileType = sourcecode.c.h; path = WXApiObject.h; sourceTree = "<group>"; };
		E1C303721CF43CDA001C016B /* SystemConfiguration.framework */ = {isa = PBXFileReference; lastKnownFileType = wrapper.framework; name = SystemConfiguration.framework; path = System/Library/Frameworks/SystemConfiguration.framework; sourceTree = SDKROOT; };
		E1C303741CF43D08001C016B /* libz.tbd */ = {isa = PBXFileReference; lastKnownFileType = "sourcecode.text-based-dylib-definition"; name = libz.tbd; path = usr/lib/libz.tbd; sourceTree = SDKROOT; };
		E1C303761CF43D12001C016B /* libsqlite3.0.tbd */ = {isa = PBXFileReference; lastKnownFileType = "sourcecode.text-based-dylib-definition"; name = libsqlite3.0.tbd; path = usr/lib/libsqlite3.0.tbd; sourceTree = SDKROOT; };
		E1C303781CF43D1D001C016B /* libc++.tbd */ = {isa = PBXFileReference; lastKnownFileType = "sourcecode.text-based-dylib-definition"; name = "libc++.tbd"; path = "usr/lib/libc++.tbd"; sourceTree = SDKROOT; };
		E1C3037A1CF43DBD001C016B /* CoreTelephony.framework */ = {isa = PBXFileReference; lastKnownFileType = wrapper.framework; name = CoreTelephony.framework; path = System/Library/Frameworks/CoreTelephony.framework; sourceTree = SDKROOT; };
		E1C3037D1CF43E71001C016B /* HRWebCatLogin.h */ = {isa = PBXFileReference; fileEncoding = 4; lastKnownFileType = sourcecode.c.h; path = HRWebCatLogin.h; sourceTree = "<group>"; };
		E1C3037E1CF43E71001C016B /* HRWebCatLogin.m */ = {isa = PBXFileReference; fileEncoding = 4; lastKnownFileType = sourcecode.c.objc; path = HRWebCatLogin.m; sourceTree = "<group>"; };
		E1C303901CF442C4001C016B /* HRWeCatManager.h */ = {isa = PBXFileReference; fileEncoding = 4; lastKnownFileType = sourcecode.c.h; path = HRWeCatManager.h; sourceTree = "<group>"; };
		E1C303911CF442C4001C016B /* HRWeCatManager.m */ = {isa = PBXFileReference; fileEncoding = 4; lastKnownFileType = sourcecode.c.objc; path = HRWeCatManager.m; sourceTree = "<group>"; };
		E1C303A61CF58232001C016B /* TencentOpenAPI.framework */ = {isa = PBXFileReference; lastKnownFileType = wrapper.framework; path = TencentOpenAPI.framework; sourceTree = "<group>"; };
		E1C303A71CF58232001C016B /* TencentOpenApi_IOS_Bundle.bundle */ = {isa = PBXFileReference; lastKnownFileType = "wrapper.plug-in"; path = TencentOpenApi_IOS_Bundle.bundle; sourceTree = "<group>"; };
		E1C303AA1CF58BE9001C016B /* HRQQManager.h */ = {isa = PBXFileReference; fileEncoding = 4; lastKnownFileType = sourcecode.c.h; path = HRQQManager.h; sourceTree = "<group>"; };
		E1C303AB1CF58BE9001C016B /* HRQQManager.m */ = {isa = PBXFileReference; fileEncoding = 4; lastKnownFileType = sourcecode.c.objc; path = HRQQManager.m; sourceTree = "<group>"; };
		E1C303BE1CF596BF001C016B /* HRWebCatShare.h */ = {isa = PBXFileReference; fileEncoding = 4; lastKnownFileType = sourcecode.c.h; path = HRWebCatShare.h; sourceTree = "<group>"; };
		E1C303BF1CF596BF001C016B /* HRWebCatShare.m */ = {isa = PBXFileReference; fileEncoding = 4; lastKnownFileType = sourcecode.c.objc; path = HRWebCatShare.m; sourceTree = "<group>"; };
		E1E3AB131CF6F2AC00DD5608 /* AppSysConfig.h */ = {isa = PBXFileReference; fileEncoding = 4; lastKnownFileType = sourcecode.c.h; path = AppSysConfig.h; sourceTree = "<group>"; };
		E1E3AB141CF6F2AC00DD5608 /* AppSysConfig.m */ = {isa = PBXFileReference; fileEncoding = 4; lastKnownFileType = sourcecode.c.objc; path = AppSysConfig.m; sourceTree = "<group>"; };
		E1E3AB431CF81B3800DD5608 /* HRImageScroll.xcodeproj */ = {isa = PBXFileReference; lastKnownFileType = "wrapper.pb-project"; name = HRImageScroll.xcodeproj; path = HRImageScroll/HRImageScroll.xcodeproj; sourceTree = "<group>"; };
		E1E3AB601CFBEE6600DD5608 /* HereDataModel.h */ = {isa = PBXFileReference; fileEncoding = 4; lastKnownFileType = sourcecode.c.h; path = HereDataModel.h; sourceTree = "<group>"; };
		E1E3AB611CFBEE6600DD5608 /* HereDataModel.m */ = {isa = PBXFileReference; fileEncoding = 4; lastKnownFileType = sourcecode.c.objc; path = HereDataModel.m; sourceTree = "<group>"; };
		E1F726601CF6E15500799A50 /* HRAddressBookManager.h */ = {isa = PBXFileReference; fileEncoding = 4; lastKnownFileType = sourcecode.c.h; path = HRAddressBookManager.h; sourceTree = "<group>"; };
		E1F726611CF6E15500799A50 /* HRAddressBookManager.m */ = {isa = PBXFileReference; fileEncoding = 4; lastKnownFileType = sourcecode.c.objc; path = HRAddressBookManager.m; sourceTree = "<group>"; };
/* End PBXFileReference section */

/* Begin PBXFrameworksBuildPhase section */
		E14BD48A1CEEF53F00C66E14 /* Frameworks */ = {
			isa = PBXFrameworksBuildPhase;
			buildActionMask = 2147483647;
			files = (
				E1E3AB491CF81B4B00DD5608 /* libHRImageScroll.a in Frameworks */,
				E1C3037B1CF43DBD001C016B /* CoreTelephony.framework in Frameworks */,
				E1C303791CF43D1D001C016B /* libc++.tbd in Frameworks */,
				E1C303771CF43D12001C016B /* libsqlite3.0.tbd in Frameworks */,
				E1C303751CF43D08001C016B /* libz.tbd in Frameworks */,
				E1C303731CF43CDA001C016B /* SystemConfiguration.framework in Frameworks */,
				E1C303A81CF58232001C016B /* TencentOpenAPI.framework in Frameworks */,
				E14BD4AE1CEEF78F00C66E14 /* MapKit.framework in Frameworks */,
				65F02507B9087AA3ECF2E966 /* libPods-HRER.a in Frameworks */,
				E1C303701CF43C1F001C016B /* libWeChatSDK.a in Frameworks */,
			);
			runOnlyForDeploymentPostprocessing = 0;
		};
/* End PBXFrameworksBuildPhase section */

/* Begin PBXGroup section */
		91AC680EC2350DF6E59E1D63 /* Frameworks */ = {
			isa = PBXGroup;
			children = (
				5F257A244BFC3C4FF1BA43A2 /* libPods-HRER.a */,
				E1C3037A1CF43DBD001C016B /* CoreTelephony.framework */,
				E1C303781CF43D1D001C016B /* libc++.tbd */,
				E1C303761CF43D12001C016B /* libsqlite3.0.tbd */,
				E1C303741CF43D08001C016B /* libz.tbd */,
				E1C303721CF43CDA001C016B /* SystemConfiguration.framework */,
			);
			name = Frameworks;
			sourceTree = "<group>";
		};
		9B832C006F45D1D5AC7E186C /* Pods */ = {
			isa = PBXGroup;
			children = (
				945292EBCA75C77D85B46D4E /* Pods-HRER.debug.xcconfig */,
				26EDF89553D0EF9D05F69A42 /* Pods-HRER.release.xcconfig */,
			);
			name = Pods;
			sourceTree = "<group>";
		};
		B85520121D098F5700C56FC5 /* HereViewController */ = {
			isa = PBXGroup;
			children = (
				B85520131D098F5700C56FC5 /* HereViewController.h */,
				B85520141D098F5700C56FC5 /* HereViewController.m */,
			);
			path = HereViewController;
			sourceTree = "<group>";
		};
		B85520161D098FAB00C56FC5 /* HRScrollItemView */ = {
			isa = PBXGroup;
			children = (
				B85520171D098FB900C56FC5 /* HRScrollItemView.h */,
				B85520181D098FB900C56FC5 /* HRScrollItemView.m */,
			);
			path = HRScrollItemView;
			sourceTree = "<group>";
		};
		B88F105E1CF5CDF6007C930F /* LoginController */ = {
			isa = PBXGroup;
			children = (
				B8697D691CFC395E00F1BC4B /* HRLoginManager.h */,
				B8697D6A1CFC395E00F1BC4B /* HRLoginManager.m */,
				B88F105F1CF5D005007C930F /* HRLoginViewController.h */,
				B88F10601CF5D005007C930F /* HRLoginViewController.m */,
				B8954EA81CFC7E10006A706A /* HRRegisterViewController.h */,
				B8954EA91CFC7E10006A706A /* HRRegisterViewController.m */,
				B8954EAC1CFC7E1D006A706A /* HRFinPassViewController.h */,
				B8954EAD1CFC7E1D006A706A /* HRFinPassViewController.m */,
				B8954EAF1CFC7E30006A706A /* HRRegisterDealViewController.h */,
				B8954EB01CFC7E30006A706A /* HRRegisterDealViewController.m */,
				B80E94A21D07EEE1000C979A /* HRBindPhoneController.h */,
				B80E94A31D07EEE1000C979A /* HRBindPhoneController.m */,
				E1AC6CF31CFD3D1F00EADF02 /* HRNewPassViewController.h */,
				E1AC6CF41CFD3D1F00EADF02 /* HRNewPassViewController.m */,
				B8DF93391CFB2BF1007C4DF9 /* LoginStateManager.h */,
				B8DF933A1CFB2BF1007C4DF9 /* LoginStateManager.m */,
			);
			path = LoginController;
			sourceTree = "<group>";
		};
		B88F10651CF5E1D3007C930F /* HomeViewContoller */ = {
			isa = PBXGroup;
			children = (
				B88F10701CF5E23B007C930F /* HomeViewController.h */,
				B88F10711CF5E23B007C930F /* HomeViewController.m */,
				B855200E1D098F2C00C56FC5 /* HomeHeadView.h */,
				B855200F1D098F2C00C56FC5 /* HomeHeadView.m */,
			);
			path = HomeViewContoller;
			sourceTree = "<group>";
		};
		B88F10661CF5E1E2007C930F /* FindCityViewController */ = {
			isa = PBXGroup;
			children = (
				B88F10731CF5E246007C930F /* FindCityViewController.h */,
				B88F10741CF5E246007C930F /* FindCityViewController.m */,
			);
			path = FindCityViewController;
			sourceTree = "<group>";
		};
		B88F10681CF5E212007C930F /* FriendsViewController */ = {
			isa = PBXGroup;
			children = (
				B88F106D1CF5E232007C930F /* FriendsViewController.h */,
				B88F106E1CF5E232007C930F /* FriendsViewController.m */,
			);
			path = FriendsViewController;
			sourceTree = "<group>";
		};
		B88F10691CF5E21C007C930F /* MyViewController */ = {
			isa = PBXGroup;
			children = (
				B88F106A1CF5E227007C930F /* MyViewController.h */,
				B88F106B1CF5E227007C930F /* MyViewController.m */,
			);
			path = MyViewController;
			sourceTree = "<group>";
		};
		B88F10791CF5E26A007C930F /* HRNavigationController */ = {
			isa = PBXGroup;
			children = (
				B88F107A1CF5E273007C930F /* HRNagationController.h */,
				B88F107B1CF5E273007C930F /* HRNagationController.m */,
			);
			path = HRNavigationController;
			sourceTree = "<group>";
		};
		B89663E21CF32F7700B2A6CA /* CommonUI */ = {
			isa = PBXGroup;
			children = (
				B80E94A71D07FB62000C979A /* RefreshTableView.h */,
				B80E94A81D07FB62000C979A /* RefreshTableView.m */,
				B89663E31CF32F7700B2A6CA /* JWCollectionViewFlowLayout.h */,
				B89663E41CF32F7700B2A6CA /* JWCollectionViewFlowLayout.m */,
				B89663E51CF32F7700B2A6CA /* NSDictionary+StrDic.h */,
				B89663E61CF32F7700B2A6CA /* NSDictionary+StrDic.m */,
				B89663E71CF32F7700B2A6CA /* RefreshCollectionView.h */,
				B89663E81CF32F7700B2A6CA /* RefreshCollectionView.m */,
				B89663E91CF32F7700B2A6CA /* ToastAlertView.h */,
				B89663EA1CF32F7700B2A6CA /* ToastAlertView.m */,
				B89663EB1CF32F7700B2A6CA /* UIViewController+Method.h */,
				B89663EC1CF32F7700B2A6CA /* UIViewController+Method.m */,
			);
			path = CommonUI;
			sourceTree = "<group>";
		};
		B89663F21CF32FD100B2A6CA /* ThirdPary */ = {
			isa = PBXGroup;
			children = (
				B89663F71CF32FD100B2A6CA /* Refresh */,
				B89663FD1CF32FD100B2A6CA /* RFSegmentView */,
				B89664001CF32FD100B2A6CA /* UIView+Sizes */,
			);
			path = ThirdPary;
			sourceTree = "<group>";
		};
		B89663F71CF32FD100B2A6CA /* Refresh */ = {
			isa = PBXGroup;
			children = (
				B89663F81CF32FD100B2A6CA /* Header.h */,
				B89663F91CF32FD100B2A6CA /* YiRefreshFooter.h */,
				B89663FA1CF32FD100B2A6CA /* YiRefreshFooter.m */,
				B89663FB1CF32FD100B2A6CA /* YiRefreshHeader.h */,
				B89663FC1CF32FD100B2A6CA /* YiRefreshHeader.m */,
			);
			path = Refresh;
			sourceTree = "<group>";
		};
		B89663FD1CF32FD100B2A6CA /* RFSegmentView */ = {
			isa = PBXGroup;
			children = (
				B89663FE1CF32FD100B2A6CA /* RFSegmentView.h */,
				B89663FF1CF32FD100B2A6CA /* RFSegmentView.m */,
			);
			path = RFSegmentView;
			sourceTree = "<group>";
		};
		B89664001CF32FD100B2A6CA /* UIView+Sizes */ = {
			isa = PBXGroup;
			children = (
				B89664011CF32FD100B2A6CA /* Dlog.h */,
				B89664021CF32FD100B2A6CA /* SWCommonMacro.h */,
				B89664031CF32FD100B2A6CA /* UIView+Sizes.h */,
				B89664041CF32FD100B2A6CA /* UIView+Sizes.m */,
				B89664051CF32FD100B2A6CA /* UIView+TKCategory.h */,
				B89664061CF32FD100B2A6CA /* UIView+TKCategory.m */,
				B89664071CF32FD100B2A6CA /* UIViewAdditions.h */,
				B89664081CF32FD100B2A6CA /* UIViewAdditions.m */,
			);
			path = "UIView+Sizes";
			sourceTree = "<group>";
		};
		B8DF92F31CFB2AB1007C4DF9 /* FunctionGuide */ = {
			isa = PBXGroup;
			children = (
				B8DF93361CFB2AD8007C4DF9 /* SMPageControl.h */,
				B8DF93371CFB2AD8007C4DF9 /* SMPageControl.m */,
				B8DF93021CFB2AB1007C4DF9 /* FGuideViewManager.h */,
				B8DF93031CFB2AB1007C4DF9 /* FGuideViewManager.m */,
				B8DF93041CFB2AB1007C4DF9 /* GuideImage */,
				B8DF93141CFB2AB1007C4DF9 /* ProjectGuideView.h */,
				B8DF93151CFB2AB1007C4DF9 /* ProjectGuideView.m */,
			);
			path = FunctionGuide;
			sourceTree = "<group>";
		};
		B8DF93041CFB2AB1007C4DF9 /* GuideImage */ = {
			isa = PBXGroup;
			children = (
				B8DF93051CFB2AB1007C4DF9 /* button_normal.png */,
				B8DF93061CFB2AB1007C4DF9 /* guide_1_1.png */,
				B8DF93071CFB2AB1007C4DF9 /* guide_1_2.png */,
				B8DF93081CFB2AB1007C4DF9 /* guide_1_3.png */,
				B8DF93091CFB2AB1007C4DF9 /* guide_1_4.png */,
				B8DF930A1CFB2AB1007C4DF9 /* guide_1_5.png */,
				B8DF930B1CFB2AB1007C4DF9 /* guide_1_5_1.png */,
				B8DF930C1CFB2AB1007C4DF9 /* guide_1_5_2.png */,
				B8DF930D1CFB2AB1007C4DF9 /* guide_1_5_3.png */,
				B8DF930E1CFB2AB1007C4DF9 /* guide_1_5_4.png */,
				B8DF930F1CFB2AB1007C4DF9 /* guide_1_5_5.png */,
				B8DF93101CFB2AB1007C4DF9 /* guide_nologin_normal.png */,
				B8DF93111CFB2AB1007C4DF9 /* guide_nologin_press.png */,
				B8DF93121CFB2AB1007C4DF9 /* xiaoyuanquan-cur@2x.png */,
				B8DF93131CFB2AB1007C4DF9 /* xiaoyuanquan@2x.png */,
			);
			path = GuideImage;
			sourceTree = "<group>";
		};
		E10DF7711CF6C19400D5E146 /* NavigationTool */ = {
			isa = PBXGroup;
			children = (
				E10DF7721CF6C1A400D5E146 /* HRNavigationTool.h */,
				E10DF7731CF6C1A400D5E146 /* HRNavigationTool.m */,
			);
			path = NavigationTool;
			sourceTree = "<group>";
		};
		E10DF7851CF6DAB600D5E146 /* MainTabController */ = {
			isa = PBXGroup;
			children = (
				E10DF7861CF6DAB600D5E146 /* MainTabBarController.h */,
				E10DF7871CF6DAB600D5E146 /* MainTabBarController.m */,
			);
			path = MainTabController;
			sourceTree = "<group>";
		};
		E1206FD71D066C7900E3C9D4 /* NetWork */ = {
			isa = PBXGroup;
			children = (
				B8F748B61D07C84B00A2EDCC /* NetWorkEntiry.h */,
				B8F748B71D07C84B00A2EDCC /* NetWorkEntiry.m */,
			);
			path = NetWork;
			sourceTree = "<group>";
		};
		E14BD4841CEEF53F00C66E14 = {
			isa = PBXGroup;
			children = (
				B8954EB21CFC8877006A706A /* serviceitem.png */,
				E1E3AB431CF81B3800DD5608 /* HRImageScroll.xcodeproj */,
				E14BD4C61CEF073100C66E14 /* Default-568h@2x.png */,
				E10DF7891CF6DB6F00D5E146 /* btn_card@2x.png */,
				E14BD4931CEEF53F00C66E14 /* AppDelegate.h */,
				E14BD4941CEEF53F00C66E14 /* AppDelegate.m */,
				E14BD48F1CEEF53F00C66E14 /* HRER */,
				E14BD4AD1CEEF78F00C66E14 /* MapKit.framework */,
				E14BD48E1CEEF53F00C66E14 /* Products */,
				9B832C006F45D1D5AC7E186C /* Pods */,
				91AC680EC2350DF6E59E1D63 /* Frameworks */,
			);
			sourceTree = "<group>";
		};
		E14BD48E1CEEF53F00C66E14 /* Products */ = {
			isa = PBXGroup;
			children = (
				E14BD48D1CEEF53F00C66E14 /* HRER.app */,
			);
			name = Products;
			sourceTree = "<group>";
		};
		E14BD48F1CEEF53F00C66E14 /* HRER */ = {
			isa = PBXGroup;
			children = (
				B85520161D098FAB00C56FC5 /* HRScrollItemView */,
				B85520121D098F5700C56FC5 /* HereViewController */,
				E1206FD71D066C7900E3C9D4 /* NetWork */,
				E1E3AB5E1CFBEE5300DD5608 /* DataModel */,
				B8DF92F31CFB2AB1007C4DF9 /* FunctionGuide */,
				E1E3AB121CF6F2AC00DD5608 /* AppSysConfig */,
				E1F7265F1CF6E14600799A50 /* AddressBook */,
				E10DF7851CF6DAB600D5E146 /* MainTabController */,
				B88F10791CF5E26A007C930F /* HRNavigationController */,
				B88F10691CF5E21C007C930F /* MyViewController */,
				B88F10681CF5E212007C930F /* FriendsViewController */,
				B88F10651CF5E1D3007C930F /* HomeViewContoller */,
				B88F10661CF5E1E2007C930F /* FindCityViewController */,
				B88F105E1CF5CDF6007C930F /* LoginController */,
				E10DF7711CF6C19400D5E146 /* NavigationTool */,
				E1C3037C1CF43E5E001C016B /* OAuthLogin */,
				E1C303A51CF58232001C016B /* TencentSDK */,
				E1C3036A1CF43C1F001C016B /* WebCatSDK */,
				B89663F21CF32FD100B2A6CA /* ThirdPary */,
				B89663E21CF32F7700B2A6CA /* CommonUI */,
				E14BD4BF1CEEFBF900C66E14 /* HEMapView */,
				E14BD49C1CEEF53F00C66E14 /* Assets.xcassets */,
				E14BD4A11CEEF53F00C66E14 /* Info.plist */,
				E14BD4901CEEF53F00C66E14 /* Supporting Files */,
			);
			path = HRER;
			sourceTree = "<group>";
		};
		E14BD4901CEEF53F00C66E14 /* Supporting Files */ = {
			isa = PBXGroup;
			children = (
				B89664111CF32FF700B2A6CA /* PrefixHeader.pch */,
				E14BD4CC1CEF0AC900C66E14 /* Localization.strings */,
				E14BD4911CEEF53F00C66E14 /* main.m */,
			);
			name = "Supporting Files";
			sourceTree = "<group>";
		};
		E14BD4BF1CEEFBF900C66E14 /* HEMapView */ = {
			isa = PBXGroup;
			children = (
				E14BD4C01CEEFBF900C66E14 /* HRMapView.h */,
				E14BD4C11CEEFBF900C66E14 /* HRMapView.m */,
				E14BD4EE1CF2CAD200C66E14 /* HRAnomation.h */,
				E14BD4EF1CF2CAD200C66E14 /* HRAnomation.m */,
				E14BD4F31CF2D76700C66E14 /* HRPinAnnomationView.h */,
				E14BD4F41CF2D76700C66E14 /* HRPinAnnomationView.m */,
				E14BD4C31CEEFC0700C66E14 /* HRLocationManager.h */,
				E14BD4C41CEEFC0700C66E14 /* HRLocationManager.m */,
			);
			path = HEMapView;
			sourceTree = "<group>";
		};
		E1C3036A1CF43C1F001C016B /* WebCatSDK */ = {
			isa = PBXGroup;
			children = (
				E1C3036B1CF43C1F001C016B /* libWeChatSDK.a */,
				E1C3036C1CF43C1F001C016B /* README.txt */,
				E1C3036D1CF43C1F001C016B /* WechatAuthSDK.h */,
				E1C3036E1CF43C1F001C016B /* WXApi.h */,
				E1C3036F1CF43C1F001C016B /* WXApiObject.h */,
			);
			path = WebCatSDK;
			sourceTree = "<group>";
		};
		E1C3037C1CF43E5E001C016B /* OAuthLogin */ = {
			isa = PBXGroup;
			children = (
				E1C303AA1CF58BE9001C016B /* HRQQManager.h */,
				E1C303AB1CF58BE9001C016B /* HRQQManager.m */,
				E1C3037D1CF43E71001C016B /* HRWebCatLogin.h */,
				E1C3037E1CF43E71001C016B /* HRWebCatLogin.m */,
				E1C303BE1CF596BF001C016B /* HRWebCatShare.h */,
				E1C303BF1CF596BF001C016B /* HRWebCatShare.m */,
				E1C303901CF442C4001C016B /* HRWeCatManager.h */,
				E1C303911CF442C4001C016B /* HRWeCatManager.m */,
			);
			path = OAuthLogin;
			sourceTree = "<group>";
		};
		E1C303A51CF58232001C016B /* TencentSDK */ = {
			isa = PBXGroup;
			children = (
				E1C303A61CF58232001C016B /* TencentOpenAPI.framework */,
				E1C303A71CF58232001C016B /* TencentOpenApi_IOS_Bundle.bundle */,
			);
			path = TencentSDK;
			sourceTree = "<group>";
		};
		E1E3AB121CF6F2AC00DD5608 /* AppSysConfig */ = {
			isa = PBXGroup;
			children = (
				E1E3AB131CF6F2AC00DD5608 /* AppSysConfig.h */,
				E1E3AB141CF6F2AC00DD5608 /* AppSysConfig.m */,
			);
			path = AppSysConfig;
			sourceTree = "<group>";
		};
		E1E3AB441CF81B3800DD5608 /* Products */ = {
			isa = PBXGroup;
			children = (
				E1E3AB481CF81B3800DD5608 /* libHRImageScroll.a */,
			);
			name = Products;
			sourceTree = "<group>";
		};
		E1E3AB5E1CFBEE5300DD5608 /* DataModel */ = {
			isa = PBXGroup;
			children = (
				E1E3AB601CFBEE6600DD5608 /* HereDataModel.h */,
				E1E3AB611CFBEE6600DD5608 /* HereDataModel.m */,
			);
			path = DataModel;
			sourceTree = "<group>";
		};
		E1F7265F1CF6E14600799A50 /* AddressBook */ = {
			isa = PBXGroup;
			children = (
				E1F726601CF6E15500799A50 /* HRAddressBookManager.h */,
				E1F726611CF6E15500799A50 /* HRAddressBookManager.m */,
			);
			path = AddressBook;
			sourceTree = "<group>";
		};
/* End PBXGroup section */

/* Begin PBXNativeTarget section */
		E14BD48C1CEEF53F00C66E14 /* HRER */ = {
			isa = PBXNativeTarget;
			buildConfigurationList = E14BD4A41CEEF53F00C66E14 /* Build configuration list for PBXNativeTarget "HRER" */;
			buildPhases = (
				B5E3EEBFFB163B0A4D465853 /* 📦 Check Pods Manifest.lock */,
				E14BD4891CEEF53F00C66E14 /* Sources */,
				E14BD48A1CEEF53F00C66E14 /* Frameworks */,
				E14BD48B1CEEF53F00C66E14 /* Resources */,
				508F7EEA610F00A8AB1A8133 /* 📦 Embed Pods Frameworks */,
				396543CA4BA5E0BD97782CB4 /* 📦 Copy Pods Resources */,
			);
			buildRules = (
			);
			dependencies = (
			);
			name = HRER;
			productName = HRER;
			productReference = E14BD48D1CEEF53F00C66E14 /* HRER.app */;
			productType = "com.apple.product-type.application";
		};
/* End PBXNativeTarget section */

/* Begin PBXProject section */
		E14BD4851CEEF53F00C66E14 /* Project object */ = {
			isa = PBXProject;
			attributes = {
				LastUpgradeCheck = 0730;
				ORGANIZATIONNAME = linjunhou;
				TargetAttributes = {
					E14BD48C1CEEF53F00C66E14 = {
						CreatedOnToolsVersion = 7.3.1;
						SystemCapabilities = {
							com.apple.BackgroundModes = {
								enabled = 1;
							};
						};
					};
				};
			};
			buildConfigurationList = E14BD4881CEEF53F00C66E14 /* Build configuration list for PBXProject "HRER" */;
			compatibilityVersion = "Xcode 3.2";
			developmentRegion = English;
			hasScannedForEncodings = 0;
			knownRegions = (
				Base,
				"zh-Hans",
			);
			mainGroup = E14BD4841CEEF53F00C66E14;
			productRefGroup = E14BD48E1CEEF53F00C66E14 /* Products */;
			projectDirPath = "";
			projectReferences = (
				{
					ProductGroup = E1E3AB441CF81B3800DD5608 /* Products */;
					ProjectRef = E1E3AB431CF81B3800DD5608 /* HRImageScroll.xcodeproj */;
				},
			);
			projectRoot = "";
			targets = (
				E14BD48C1CEEF53F00C66E14 /* HRER */,
			);
		};
/* End PBXProject section */

/* Begin PBXReferenceProxy section */
		E1E3AB481CF81B3800DD5608 /* libHRImageScroll.a */ = {
			isa = PBXReferenceProxy;
			fileType = archive.ar;
			path = libHRImageScroll.a;
			remoteRef = E1E3AB471CF81B3800DD5608 /* PBXContainerItemProxy */;
			sourceTree = BUILT_PRODUCTS_DIR;
		};
/* End PBXReferenceProxy section */

/* Begin PBXResourcesBuildPhase section */
		E14BD48B1CEEF53F00C66E14 /* Resources */ = {
			isa = PBXResourcesBuildPhase;
			buildActionMask = 2147483647;
			files = (
				E1C303A91CF58232001C016B /* TencentOpenApi_IOS_Bundle.bundle in Resources */,
				B8DF93331CFB2AB1007C4DF9 /* xiaoyuanquan@2x.png in Resources */,
				B8DF93281CFB2AB1007C4DF9 /* guide_1_3.png in Resources */,
				B8DF93271CFB2AB1007C4DF9 /* guide_1_2.png in Resources */,
				B8DF932D1CFB2AB1007C4DF9 /* guide_1_5_3.png in Resources */,
				B8DF932E1CFB2AB1007C4DF9 /* guide_1_5_4.png in Resources */,
				B8DF93261CFB2AB1007C4DF9 /* guide_1_1.png in Resources */,
				B8DF932B1CFB2AB1007C4DF9 /* guide_1_5_1.png in Resources */,
				E14BD49D1CEEF53F00C66E14 /* Assets.xcassets in Resources */,
				B8DF932A1CFB2AB1007C4DF9 /* guide_1_5.png in Resources */,
				B8954EB31CFC8877006A706A /* serviceitem.png in Resources */,
				B8DF93311CFB2AB1007C4DF9 /* guide_nologin_press.png in Resources */,
				E14BD4CA1CEF0AC900C66E14 /* Localization.strings in Resources */,
				B8DF93301CFB2AB1007C4DF9 /* guide_nologin_normal.png in Resources */,
				E14BD4C71CEF073100C66E14 /* Default-568h@2x.png in Resources */,
				B8DF93291CFB2AB1007C4DF9 /* guide_1_4.png in Resources */,
				B8DF932C1CFB2AB1007C4DF9 /* guide_1_5_2.png in Resources */,
				B8DF93321CFB2AB1007C4DF9 /* xiaoyuanquan-cur@2x.png in Resources */,
				B8DF932F1CFB2AB1007C4DF9 /* guide_1_5_5.png in Resources */,
				E1C303711CF43C1F001C016B /* README.txt in Resources */,
				E10DF78C1CF6DB6F00D5E146 /* btn_card@2x.png in Resources */,
				B8DF93251CFB2AB1007C4DF9 /* button_normal.png in Resources */,
			);
			runOnlyForDeploymentPostprocessing = 0;
		};
/* End PBXResourcesBuildPhase section */

/* Begin PBXShellScriptBuildPhase section */
		396543CA4BA5E0BD97782CB4 /* 📦 Copy Pods Resources */ = {
			isa = PBXShellScriptBuildPhase;
			buildActionMask = 2147483647;
			files = (
			);
			inputPaths = (
			);
			name = "📦 Copy Pods Resources";
			outputPaths = (
			);
			runOnlyForDeploymentPostprocessing = 0;
			shellPath = /bin/sh;
			shellScript = "\"${SRCROOT}/Pods/Target Support Files/Pods-HRER/Pods-HRER-resources.sh\"\n";
			showEnvVarsInLog = 0;
		};
		508F7EEA610F00A8AB1A8133 /* 📦 Embed Pods Frameworks */ = {
			isa = PBXShellScriptBuildPhase;
			buildActionMask = 2147483647;
			files = (
			);
			inputPaths = (
			);
			name = "📦 Embed Pods Frameworks";
			outputPaths = (
			);
			runOnlyForDeploymentPostprocessing = 0;
			shellPath = /bin/sh;
			shellScript = "\"${SRCROOT}/Pods/Target Support Files/Pods-HRER/Pods-HRER-frameworks.sh\"\n";
			showEnvVarsInLog = 0;
		};
		B5E3EEBFFB163B0A4D465853 /* 📦 Check Pods Manifest.lock */ = {
			isa = PBXShellScriptBuildPhase;
			buildActionMask = 2147483647;
			files = (
			);
			inputPaths = (
			);
			name = "📦 Check Pods Manifest.lock";
			outputPaths = (
			);
			runOnlyForDeploymentPostprocessing = 0;
			shellPath = /bin/sh;
			shellScript = "diff \"${PODS_ROOT}/../Podfile.lock\" \"${PODS_ROOT}/Manifest.lock\" > /dev/null\nif [[ $? != 0 ]] ; then\n    cat << EOM\nerror: The sandbox is not in sync with the Podfile.lock. Run 'pod install' or update your CocoaPods installation.\nEOM\n    exit 1\nfi\n";
			showEnvVarsInLog = 0;
		};
/* End PBXShellScriptBuildPhase section */

/* Begin PBXSourcesBuildPhase section */
		E14BD4891CEEF53F00C66E14 /* Sources */ = {
			isa = PBXSourcesBuildPhase;
			buildActionMask = 2147483647;
			files = (
				B8DF93241CFB2AB1007C4DF9 /* FGuideViewManager.m in Sources */,
				B85520191D098FB900C56FC5 /* HRScrollItemView.m in Sources */,
				B8954EAE1CFC7E1D006A706A /* HRFinPassViewController.m in Sources */,
				B89664101CF32FD100B2A6CA /* UIViewAdditions.m in Sources */,
				B80E94A91D07FB62000C979A /* RefreshTableView.m in Sources */,
				B896640D1CF32FD100B2A6CA /* RFSegmentView.m in Sources */,
				E14BD4951CEEF53F00C66E14 /* AppDelegate.m in Sources */,
				E1AC6CF51CFD3D1F00EADF02 /* HRNewPassViewController.m in Sources */,
				E14BD4C21CEEFBF900C66E14 /* HRMapView.m in Sources */,
				B85520151D098F5700C56FC5 /* HereViewController.m in Sources */,
				B896640B1CF32FD100B2A6CA /* YiRefreshFooter.m in Sources */,
				B88F106F1CF5E232007C930F /* FriendsViewController.m in Sources */,
				E14BD4F51CF2D76700C66E14 /* HRPinAnnomationView.m in Sources */,
				B8697D6B1CFC395E00F1BC4B /* HRLoginManager.m in Sources */,
				E1E3AB151CF6F2AC00DD5608 /* AppSysConfig.m in Sources */,
				B896640C1CF32FD100B2A6CA /* YiRefreshHeader.m in Sources */,
				B88F10611CF5D005007C930F /* HRLoginViewController.m in Sources */,
				E1C303AC1CF58BE9001C016B /* HRQQManager.m in Sources */,
				E14BD4F01CF2CAD200C66E14 /* HRAnomation.m in Sources */,
				B89663EF1CF32F7700B2A6CA /* RefreshCollectionView.m in Sources */,
				E14BD4921CEEF53F00C66E14 /* main.m in Sources */,
				B89663ED1CF32F7700B2A6CA /* JWCollectionViewFlowLayout.m in Sources */,
				B89663F01CF32F7700B2A6CA /* ToastAlertView.m in Sources */,
				B8954EAA1CFC7E10006A706A /* HRRegisterViewController.m in Sources */,
				E1C303921CF442C4001C016B /* HRWeCatManager.m in Sources */,
				B8DF933B1CFB2BF1007C4DF9 /* LoginStateManager.m in Sources */,
				B8F748B81D07C84B00A2EDCC /* NetWorkEntiry.m in Sources */,
				E14BD4C51CEEFC0700C66E14 /* HRLocationManager.m in Sources */,
				B8954EB11CFC7E30006A706A /* HRRegisterDealViewController.m in Sources */,
				B89663F11CF32F7700B2A6CA /* UIViewController+Method.m in Sources */,
				B88F106C1CF5E227007C930F /* MyViewController.m in Sources */,
				B896640E1CF32FD100B2A6CA /* UIView+Sizes.m in Sources */,
				B89663EE1CF32F7700B2A6CA /* NSDictionary+StrDic.m in Sources */,
				E1F726621CF6E15500799A50 /* HRAddressBookManager.m in Sources */,
				E10DF7741CF6C1A400D5E146 /* HRNavigationTool.m in Sources */,
				E1C303C01CF596BF001C016B /* HRWebCatShare.m in Sources */,
				B85520101D098F2C00C56FC5 /* HomeHeadView.m in Sources */,
				B88F10751CF5E246007C930F /* FindCityViewController.m in Sources */,
				B896640F1CF32FD100B2A6CA /* UIView+TKCategory.m in Sources */,
				E1C3037F1CF43E71001C016B /* HRWebCatLogin.m in Sources */,
				B88F107C1CF5E273007C930F /* HRNagationController.m in Sources */,
				B8DF93381CFB2AD8007C4DF9 /* SMPageControl.m in Sources */,
				B88F10721CF5E23B007C930F /* HomeViewController.m in Sources */,
				E1E3AB621CFBEE6600DD5608 /* HereDataModel.m in Sources */,
				E10DF7881CF6DAB600D5E146 /* MainTabBarController.m in Sources */,
				B8DF93341CFB2AB1007C4DF9 /* ProjectGuideView.m in Sources */,
				B80E94A41D07EEE1000C979A /* HRBindPhoneController.m in Sources */,
			);
			runOnlyForDeploymentPostprocessing = 0;
		};
/* End PBXSourcesBuildPhase section */

/* Begin PBXVariantGroup section */
		E14BD4CC1CEF0AC900C66E14 /* Localization.strings */ = {
			isa = PBXVariantGroup;
			children = (
				E14BD4CB1CEF0AC900C66E14 /* Base */,
				E14BD4CD1CEF0AE600C66E14 /* zh-Hans */,
			);
			name = Localization.strings;
			sourceTree = "<group>";
		};
/* End PBXVariantGroup section */

/* Begin XCBuildConfiguration section */
		E14BD4A21CEEF53F00C66E14 /* Debug */ = {
			isa = XCBuildConfiguration;
			buildSettings = {
				ALWAYS_SEARCH_USER_PATHS = NO;
				CLANG_ANALYZER_NONNULL = YES;
				CLANG_CXX_LANGUAGE_STANDARD = "gnu++0x";
				CLANG_CXX_LIBRARY = "libc++";
				CLANG_ENABLE_MODULES = YES;
				CLANG_ENABLE_OBJC_ARC = YES;
				CLANG_WARN_BOOL_CONVERSION = YES;
				CLANG_WARN_CONSTANT_CONVERSION = YES;
				CLANG_WARN_DIRECT_OBJC_ISA_USAGE = YES_ERROR;
				CLANG_WARN_EMPTY_BODY = YES;
				CLANG_WARN_ENUM_CONVERSION = YES;
				CLANG_WARN_INT_CONVERSION = YES;
				CLANG_WARN_OBJC_ROOT_CLASS = YES_ERROR;
				CLANG_WARN_UNREACHABLE_CODE = YES;
				CLANG_WARN__DUPLICATE_METHOD_MATCH = YES;
				"CODE_SIGN_IDENTITY[sdk=iphoneos*]" = "iPhone Developer";
				COPY_PHASE_STRIP = NO;
				DEBUG_INFORMATION_FORMAT = dwarf;
				ENABLE_STRICT_OBJC_MSGSEND = YES;
				ENABLE_TESTABILITY = YES;
				GCC_C_LANGUAGE_STANDARD = gnu99;
				GCC_DYNAMIC_NO_PIC = NO;
				GCC_NO_COMMON_BLOCKS = YES;
				GCC_OPTIMIZATION_LEVEL = 0;
				GCC_PREPROCESSOR_DEFINITIONS = (
					"DEBUG=1",
					"$(inherited)",
				);
				GCC_WARN_64_TO_32_BIT_CONVERSION = YES;
				GCC_WARN_ABOUT_RETURN_TYPE = YES_ERROR;
				GCC_WARN_UNDECLARED_SELECTOR = YES;
				GCC_WARN_UNINITIALIZED_AUTOS = YES_AGGRESSIVE;
				GCC_WARN_UNUSED_FUNCTION = YES;
				GCC_WARN_UNUSED_VARIABLE = YES;
				IPHONEOS_DEPLOYMENT_TARGET = 9.3;
				MTL_ENABLE_DEBUG_INFO = YES;
				ONLY_ACTIVE_ARCH = YES;
				SDKROOT = iphoneos;
			};
			name = Debug;
		};
		E14BD4A31CEEF53F00C66E14 /* Release */ = {
			isa = XCBuildConfiguration;
			buildSettings = {
				ALWAYS_SEARCH_USER_PATHS = NO;
				CLANG_ANALYZER_NONNULL = YES;
				CLANG_CXX_LANGUAGE_STANDARD = "gnu++0x";
				CLANG_CXX_LIBRARY = "libc++";
				CLANG_ENABLE_MODULES = YES;
				CLANG_ENABLE_OBJC_ARC = YES;
				CLANG_WARN_BOOL_CONVERSION = YES;
				CLANG_WARN_CONSTANT_CONVERSION = YES;
				CLANG_WARN_DIRECT_OBJC_ISA_USAGE = YES_ERROR;
				CLANG_WARN_EMPTY_BODY = YES;
				CLANG_WARN_ENUM_CONVERSION = YES;
				CLANG_WARN_INT_CONVERSION = YES;
				CLANG_WARN_OBJC_ROOT_CLASS = YES_ERROR;
				CLANG_WARN_UNREACHABLE_CODE = YES;
				CLANG_WARN__DUPLICATE_METHOD_MATCH = YES;
				"CODE_SIGN_IDENTITY[sdk=iphoneos*]" = "iPhone Developer";
				COPY_PHASE_STRIP = NO;
				DEBUG_INFORMATION_FORMAT = "dwarf-with-dsym";
				ENABLE_NS_ASSERTIONS = NO;
				ENABLE_STRICT_OBJC_MSGSEND = YES;
				GCC_C_LANGUAGE_STANDARD = gnu99;
				GCC_NO_COMMON_BLOCKS = YES;
				GCC_WARN_64_TO_32_BIT_CONVERSION = YES;
				GCC_WARN_ABOUT_RETURN_TYPE = YES_ERROR;
				GCC_WARN_UNDECLARED_SELECTOR = YES;
				GCC_WARN_UNINITIALIZED_AUTOS = YES_AGGRESSIVE;
				GCC_WARN_UNUSED_FUNCTION = YES;
				GCC_WARN_UNUSED_VARIABLE = YES;
				IPHONEOS_DEPLOYMENT_TARGET = 9.3;
				MTL_ENABLE_DEBUG_INFO = NO;
				SDKROOT = iphoneos;
				VALIDATE_PRODUCT = YES;
			};
			name = Release;
		};
		E14BD4A51CEEF53F00C66E14 /* Debug */ = {
			isa = XCBuildConfiguration;
			baseConfigurationReference = 945292EBCA75C77D85B46D4E /* Pods-HRER.debug.xcconfig */;
			buildSettings = {
				ASSETCATALOG_COMPILER_APPICON_NAME = AppIcon;
				ENABLE_BITCODE = NO;
				FRAMEWORK_SEARCH_PATHS = (
					"$(inherited)",
					"$(PROJECT_DIR)/HRER/TencentSDK",
				);
				GCC_PREFIX_HEADER = PrefixHeader.pch;
				HEADER_SEARCH_PATHS = (
					"$(SRCROOT)/**",
					"\"${PODS_ROOT}/Headers/Public\"",
					"\"${PODS_ROOT}/Headers/Public/AFNetworkActivityLogger\"",
					"\"${PODS_ROOT}/Headers/Public/AFNetworking\"",
					"\"${PODS_ROOT}/Headers/Public/GCJSONKit\"",
					"\"${PODS_ROOT}/Headers/Public/MBProgressHUD\"",
					"\"${PODS_ROOT}/Headers/Public/Masonry\"",
					"\"${PODS_ROOT}/Headers/Public/SDWebImage\"",
					"\"${PODS_ROOT}/Headers/Public/iCarousel\"",
					"$(inherited)",
				);
				INFOPLIST_FILE = HRER/Info.plist;
				LD_RUNPATH_SEARCH_PATHS = "$(inherited) @executable_path/Frameworks";
				LIBRARY_SEARCH_PATHS = (
					"$(inherited)",
					"$(PROJECT_DIR)/HRER/WebCatSDK",
				);
				PRODUCT_BUNDLE_IDENTIFIER = com.Here;
				PRODUCT_NAME = "$(TARGET_NAME)";
			};
			name = Debug;
		};
		E14BD4A61CEEF53F00C66E14 /* Release */ = {
			isa = XCBuildConfiguration;
			baseConfigurationReference = 26EDF89553D0EF9D05F69A42 /* Pods-HRER.release.xcconfig */;
			buildSettings = {
				ASSETCATALOG_COMPILER_APPICON_NAME = AppIcon;
				ENABLE_BITCODE = NO;
				FRAMEWORK_SEARCH_PATHS = (
					"$(inherited)",
					"$(PROJECT_DIR)/HRER/TencentSDK",
				);
				GCC_PREFIX_HEADER = PrefixHeader.pch;
				HEADER_SEARCH_PATHS = (
					"$(SRCROOT)/**",
					"\"${PODS_ROOT}/Headers/Public\"",
					"\"${PODS_ROOT}/Headers/Public/AFNetworkActivityLogger\"",
					"\"${PODS_ROOT}/Headers/Public/AFNetworking\"",
					"\"${PODS_ROOT}/Headers/Public/GCJSONKit\"",
					"\"${PODS_ROOT}/Headers/Public/MBProgressHUD\"",
					"\"${PODS_ROOT}/Headers/Public/Masonry\"",
					"\"${PODS_ROOT}/Headers/Public/SDWebImage\"",
					"\"${PODS_ROOT}/Headers/Public/iCarousel\"",
					"$(inherited)",
				);
				INFOPLIST_FILE = HRER/Info.plist;
				LD_RUNPATH_SEARCH_PATHS = "$(inherited) @executable_path/Frameworks";
				LIBRARY_SEARCH_PATHS = (
					"$(inherited)",
					"$(PROJECT_DIR)/HRER/WebCatSDK",
				);
				PRODUCT_BUNDLE_IDENTIFIER = com.Here;
				PRODUCT_NAME = "$(TARGET_NAME)";
			};
			name = Release;
		};
/* End XCBuildConfiguration section */

/* Begin XCConfigurationList section */
		E14BD4881CEEF53F00C66E14 /* Build configuration list for PBXProject "HRER" */ = {
			isa = XCConfigurationList;
			buildConfigurations = (
				E14BD4A21CEEF53F00C66E14 /* Debug */,
				E14BD4A31CEEF53F00C66E14 /* Release */,
			);
			defaultConfigurationIsVisible = 0;
			defaultConfigurationName = Release;
		};
		E14BD4A41CEEF53F00C66E14 /* Build configuration list for PBXNativeTarget "HRER" */ = {
			isa = XCConfigurationList;
			buildConfigurations = (
				E14BD4A51CEEF53F00C66E14 /* Debug */,
				E14BD4A61CEEF53F00C66E14 /* Release */,
			);
			defaultConfigurationIsVisible = 0;
			defaultConfigurationName = Release;
		};
/* End XCConfigurationList section */
	};
	rootObject = E14BD4851CEEF53F00C66E14 /* Project object */;
}
