// !$*UTF8*$!
{
	archiveVersion = 1;
	classes = {
	};
	objectVersion = 46;
	objects = {

/* Begin PBXBuildFile section */
		E1206FB81CFE8E4F00E3C9D4 /* HRPhotoBrowser.m in Sources */ = {isa = PBXBuildFile; fileRef = E1206FB41CFE8E4F00E3C9D4 /* HRPhotoBrowser.m */; };
		E1206FB91CFE8E4F00E3C9D4 /* HRWaitingView.m in Sources */ = {isa = PBXBuildFile; fileRef = E1206FB71CFE8E4F00E3C9D4 /* HRWaitingView.m */; };
		E1206FBA1CFE981F00E3C9D4 /* HRPhotoBrowser.h in CopyFiles */ = {isa = PBXBuildFile; fileRef = E1206FB31CFE8E4F00E3C9D4 /* HRPhotoBrowser.h */; };
		E1206FBB1CFE981F00E3C9D4 /* HRPhotoBrowserConfig.h in CopyFiles */ = {isa = PBXBuildFile; fileRef = E1206FB51CFE8E4F00E3C9D4 /* HRPhotoBrowserConfig.h */; };
		E1206FBC1CFE981F00E3C9D4 /* HRWaitingView.h in CopyFiles */ = {isa = PBXBuildFile; fileRef = E1206FB61CFE8E4F00E3C9D4 /* HRWaitingView.h */; };
		E1206FBF1CFE98AB00E3C9D4 /* HRCycleScrollView.m in Sources */ = {isa = PBXBuildFile; fileRef = E1206FBE1CFE98AB00E3C9D4 /* HRCycleScrollView.m */; };
		E1206FC01CFE98B400E3C9D4 /* HRCycleScrollView.h in CopyFiles */ = {isa = PBXBuildFile; fileRef = E1206FBD1CFE98AB00E3C9D4 /* HRCycleScrollView.h */; };
		E1E3AB2D1CF7FA7000DD5608 /* HRImageScaleView.m in Sources */ = {isa = PBXBuildFile; fileRef = E1E3AB2C1CF7FA7000DD5608 /* HRImageScaleView.m */; };
		E1E3AB411CF81AFA00DD5608 /* HRImageScaleView.h in CopyFiles */ = {isa = PBXBuildFile; fileRef = E1E3AB2B1CF7FA7000DD5608 /* HRImageScaleView.h */; };
/* End PBXBuildFile section */

/* Begin PBXCopyFilesBuildPhase section */
		E1E3AB1D1CF7FA0500DD5608 /* CopyFiles */ = {
			isa = PBXCopyFilesBuildPhase;
			buildActionMask = 2147483647;
			dstPath = "include/$(PRODUCT_NAME)";
			dstSubfolderSpec = 16;
			files = (
				E1206FC01CFE98B400E3C9D4 /* HRCycleScrollView.h in CopyFiles */,
				E1206FBA1CFE981F00E3C9D4 /* HRPhotoBrowser.h in CopyFiles */,
				E1206FBB1CFE981F00E3C9D4 /* HRPhotoBrowserConfig.h in CopyFiles */,
				E1206FBC1CFE981F00E3C9D4 /* HRWaitingView.h in CopyFiles */,
				E1E3AB411CF81AFA00DD5608 /* HRImageScaleView.h in CopyFiles */,
			);
			runOnlyForDeploymentPostprocessing = 0;
		};
/* End PBXCopyFilesBuildPhase section */

/* Begin PBXFileReference section */
		E1206FB31CFE8E4F00E3C9D4 /* HRPhotoBrowser.h */ = {isa = PBXFileReference; fileEncoding = 4; lastKnownFileType = sourcecode.c.h; path = HRPhotoBrowser.h; sourceTree = "<group>"; };
		E1206FB41CFE8E4F00E3C9D4 /* HRPhotoBrowser.m */ = {isa = PBXFileReference; fileEncoding = 4; lastKnownFileType = sourcecode.c.objc; path = HRPhotoBrowser.m; sourceTree = "<group>"; };
		E1206FB51CFE8E4F00E3C9D4 /* HRPhotoBrowserConfig.h */ = {isa = PBXFileReference; fileEncoding = 4; lastKnownFileType = sourcecode.c.h; path = HRPhotoBrowserConfig.h; sourceTree = "<group>"; };
		E1206FB61CFE8E4F00E3C9D4 /* HRWaitingView.h */ = {isa = PBXFileReference; fileEncoding = 4; lastKnownFileType = sourcecode.c.h; path = HRWaitingView.h; sourceTree = "<group>"; };
		E1206FB71CFE8E4F00E3C9D4 /* HRWaitingView.m */ = {isa = PBXFileReference; fileEncoding = 4; lastKnownFileType = sourcecode.c.objc; path = HRWaitingView.m; sourceTree = "<group>"; };
		E1206FBD1CFE98AB00E3C9D4 /* HRCycleScrollView.h */ = {isa = PBXFileReference; fileEncoding = 4; lastKnownFileType = sourcecode.c.h; path = HRCycleScrollView.h; sourceTree = "<group>"; };
		E1206FBE1CFE98AB00E3C9D4 /* HRCycleScrollView.m */ = {isa = PBXFileReference; fileEncoding = 4; lastKnownFileType = sourcecode.c.objc; path = HRCycleScrollView.m; sourceTree = "<group>"; };
		E1E3AB1F1CF7FA0500DD5608 /* libHRImageScroll.a */ = {isa = PBXFileReference; explicitFileType = archive.ar; includeInIndex = 0; path = libHRImageScroll.a; sourceTree = BUILT_PRODUCTS_DIR; };
		E1E3AB2B1CF7FA7000DD5608 /* HRImageScaleView.h */ = {isa = PBXFileReference; fileEncoding = 4; lastKnownFileType = sourcecode.c.h; path = HRImageScaleView.h; sourceTree = "<group>"; };
		E1E3AB2C1CF7FA7000DD5608 /* HRImageScaleView.m */ = {isa = PBXFileReference; fileEncoding = 4; lastKnownFileType = sourcecode.c.objc; path = HRImageScaleView.m; sourceTree = "<group>"; };
/* End PBXFileReference section */

/* Begin PBXFrameworksBuildPhase section */
		E1E3AB1C1CF7FA0500DD5608 /* Frameworks */ = {
			isa = PBXFrameworksBuildPhase;
			buildActionMask = 2147483647;
			files = (
			);
			runOnlyForDeploymentPostprocessing = 0;
		};
/* End PBXFrameworksBuildPhase section */

/* Begin PBXGroup section */
		E1E3AB161CF7FA0500DD5608 = {
			isa = PBXGroup;
			children = (
				E1E3AB211CF7FA0500DD5608 /* HRImageScroll */,
				E1E3AB201CF7FA0500DD5608 /* Products */,
			);
			sourceTree = "<group>";
		};
		E1E3AB201CF7FA0500DD5608 /* Products */ = {
			isa = PBXGroup;
			children = (
				E1E3AB1F1CF7FA0500DD5608 /* libHRImageScroll.a */,
			);
			name = Products;
			sourceTree = "<group>";
		};
		E1E3AB211CF7FA0500DD5608 /* HRImageScroll */ = {
			isa = PBXGroup;
			children = (
				E1206FBD1CFE98AB00E3C9D4 /* HRCycleScrollView.h */,
				E1206FBE1CFE98AB00E3C9D4 /* HRCycleScrollView.m */,
				E1E3AB2B1CF7FA7000DD5608 /* HRImageScaleView.h */,
				E1E3AB2C1CF7FA7000DD5608 /* HRImageScaleView.m */,
				E1206FB31CFE8E4F00E3C9D4 /* HRPhotoBrowser.h */,
				E1206FB41CFE8E4F00E3C9D4 /* HRPhotoBrowser.m */,
				E1206FB51CFE8E4F00E3C9D4 /* HRPhotoBrowserConfig.h */,
				E1206FB61CFE8E4F00E3C9D4 /* HRWaitingView.h */,
				E1206FB71CFE8E4F00E3C9D4 /* HRWaitingView.m */,
			);
			path = HRImageScroll;
			sourceTree = "<group>";
		};
/* End PBXGroup section */

/* Begin PBXNativeTarget section */
		E1E3AB1E1CF7FA0500DD5608 /* HRImageScroll */ = {
			isa = PBXNativeTarget;
			buildConfigurationList = E1E3AB281CF7FA0500DD5608 /* Build configuration list for PBXNativeTarget "HRImageScroll" */;
			buildPhases = (
				E1E3AB1B1CF7FA0500DD5608 /* Sources */,
				E1E3AB1C1CF7FA0500DD5608 /* Frameworks */,
				E1E3AB1D1CF7FA0500DD5608 /* CopyFiles */,
			);
			buildRules = (
			);
			dependencies = (
			);
			name = HRImageScroll;
			productName = HRImageScroll;
			productReference = E1E3AB1F1CF7FA0500DD5608 /* libHRImageScroll.a */;
			productType = "com.apple.product-type.library.static";
		};
/* End PBXNativeTarget section */

/* Begin PBXProject section */
		E1E3AB171CF7FA0500DD5608 /* Project object */ = {
			isa = PBXProject;
			attributes = {
				LastUpgradeCheck = 0730;
				ORGANIZATIONNAME = linjunhou;
				TargetAttributes = {
					E1E3AB1E1CF7FA0500DD5608 = {
						CreatedOnToolsVersion = 7.3.1;
					};
				};
			};
			buildConfigurationList = E1E3AB1A1CF7FA0500DD5608 /* Build configuration list for PBXProject "HRImageScroll" */;
			compatibilityVersion = "Xcode 3.2";
			developmentRegion = English;
			hasScannedForEncodings = 0;
			knownRegions = (
				en,
			);
			mainGroup = E1E3AB161CF7FA0500DD5608;
			productRefGroup = E1E3AB201CF7FA0500DD5608 /* Products */;
			projectDirPath = "";
			projectRoot = "";
			targets = (
				E1E3AB1E1CF7FA0500DD5608 /* HRImageScroll */,
			);
		};
/* End PBXProject section */

/* Begin PBXSourcesBuildPhase section */
		E1E3AB1B1CF7FA0500DD5608 /* Sources */ = {
			isa = PBXSourcesBuildPhase;
			buildActionMask = 2147483647;
			files = (
				E1206FB81CFE8E4F00E3C9D4 /* HRPhotoBrowser.m in Sources */,
				E1E3AB2D1CF7FA7000DD5608 /* HRImageScaleView.m in Sources */,
				E1206FBF1CFE98AB00E3C9D4 /* HRCycleScrollView.m in Sources */,
				E1206FB91CFE8E4F00E3C9D4 /* HRWaitingView.m in Sources */,
			);
			runOnlyForDeploymentPostprocessing = 0;
		};
/* End PBXSourcesBuildPhase section */

/* Begin XCBuildConfiguration section */
		E1E3AB261CF7FA0500DD5608 /* Debug */ = {
			isa = XCBuildConfiguration;
			buildSettings = {
				ALWAYS_SEARCH_USER_PATHS = NO;
				CLANG_ANALYZER_NONNULL = YES;
				CLANG_CXX_LANGUAGE_STANDARD = "gnu++0x";
				CLANG_CXX_LIBRARY = "libc++";
				CLANG_ENABLE_MODULES = YES;
				CLANG_ENABLE_OBJC_ARC = YES;
				CLANG_WARN_BOOL_CONVERSION = YES;
				CLANG_WARN_CONSTANT_CONVERSION = YES;
				CLANG_WARN_DIRECT_OBJC_ISA_USAGE = YES_ERROR;
				CLANG_WARN_EMPTY_BODY = YES;
				CLANG_WARN_ENUM_CONVERSION = YES;
				CLANG_WARN_INT_CONVERSION = YES;
				CLANG_WARN_OBJC_ROOT_CLASS = YES_ERROR;
				CLANG_WARN_UNREACHABLE_CODE = YES;
				CLANG_WARN__DUPLICATE_METHOD_MATCH = YES;
				"CODE_SIGN_IDENTITY[sdk=iphoneos*]" = "iPhone Developer";
				COPY_PHASE_STRIP = NO;
				DEBUG_INFORMATION_FORMAT = dwarf;
				ENABLE_STRICT_OBJC_MSGSEND = YES;
				ENABLE_TESTABILITY = YES;
				GCC_C_LANGUAGE_STANDARD = gnu99;
				GCC_DYNAMIC_NO_PIC = NO;
				GCC_NO_COMMON_BLOCKS = YES;
				GCC_OPTIMIZATION_LEVEL = 0;
				GCC_PREPROCESSOR_DEFINITIONS = (
					"DEBUG=1",
					"$(inherited)",
				);
				GCC_WARN_64_TO_32_BIT_CONVERSION = YES;
				GCC_WARN_ABOUT_RETURN_TYPE = YES_ERROR;
				GCC_WARN_UNDECLARED_SELECTOR = YES;
				GCC_WARN_UNINITIALIZED_AUTOS = YES_AGGRESSIVE;
				GCC_WARN_UNUSED_FUNCTION = YES;
				GCC_WARN_UNUSED_VARIABLE = YES;
				IPHONEOS_DEPLOYMENT_TARGET = 9.3;
				MTL_ENABLE_DEBUG_INFO = YES;
				ONLY_ACTIVE_ARCH = YES;
				SDKROOT = iphoneos;
			};
			name = Debug;
		};
		E1E3AB271CF7FA0500DD5608 /* Release */ = {
			isa = XCBuildConfiguration;
			buildSettings = {
				ALWAYS_SEARCH_USER_PATHS = NO;
				CLANG_ANALYZER_NONNULL = YES;
				CLANG_CXX_LANGUAGE_STANDARD = "gnu++0x";
				CLANG_CXX_LIBRARY = "libc++";
				CLANG_ENABLE_MODULES = YES;
				CLANG_ENABLE_OBJC_ARC = YES;
				CLANG_WARN_BOOL_CONVERSION = YES;
				CLANG_WARN_CONSTANT_CONVERSION = YES;
				CLANG_WARN_DIRECT_OBJC_ISA_USAGE = YES_ERROR;
				CLANG_WARN_EMPTY_BODY = YES;
				CLANG_WARN_ENUM_CONVERSION = YES;
				CLANG_WARN_INT_CONVERSION = YES;
				CLANG_WARN_OBJC_ROOT_CLASS = YES_ERROR;
				CLANG_WARN_UNREACHABLE_CODE = YES;
				CLANG_WARN__DUPLICATE_METHOD_MATCH = YES;
				"CODE_SIGN_IDENTITY[sdk=iphoneos*]" = "iPhone Developer";
				COPY_PHASE_STRIP = NO;
				DEBUG_INFORMATION_FORMAT = "dwarf-with-dsym";
				ENABLE_NS_ASSERTIONS = NO;
				ENABLE_STRICT_OBJC_MSGSEND = YES;
				GCC_C_LANGUAGE_STANDARD = gnu99;
				GCC_NO_COMMON_BLOCKS = YES;
				GCC_WARN_64_TO_32_BIT_CONVERSION = YES;
				GCC_WARN_ABOUT_RETURN_TYPE = YES_ERROR;
				GCC_WARN_UNDECLARED_SELECTOR = YES;
				GCC_WARN_UNINITIALIZED_AUTOS = YES_AGGRESSIVE;
				GCC_WARN_UNUSED_FUNCTION = YES;
				GCC_WARN_UNUSED_VARIABLE = YES;
				IPHONEOS_DEPLOYMENT_TARGET = 9.3;
				MTL_ENABLE_DEBUG_INFO = NO;
				SDKROOT = iphoneos;
				VALIDATE_PRODUCT = YES;
			};
			name = Release;
		};
		E1E3AB291CF7FA0500DD5608 /* Debug */ = {
			isa = XCBuildConfiguration;
			buildSettings = {
				OTHER_LDFLAGS = "-ObjC";
				PRODUCT_NAME = "$(TARGET_NAME)";
				SKIP_INSTALL = YES;
			};
			name = Debug;
		};
		E1E3AB2A1CF7FA0500DD5608 /* Release */ = {
			isa = XCBuildConfiguration;
			buildSettings = {
				OTHER_LDFLAGS = "-ObjC";
				PRODUCT_NAME = "$(TARGET_NAME)";
				SKIP_INSTALL = YES;
			};
			name = Release;
		};
/* End XCBuildConfiguration section */

/* Begin XCConfigurationList section */
		E1E3AB1A1CF7FA0500DD5608 /* Build configuration list for PBXProject "HRImageScroll" */ = {
			isa = XCConfigurationList;
			buildConfigurations = (
				E1E3AB261CF7FA0500DD5608 /* Debug */,
				E1E3AB271CF7FA0500DD5608 /* Release */,
			);
			defaultConfigurationIsVisible = 0;
			defaultConfigurationName = Release;
		};
		E1E3AB281CF7FA0500DD5608 /* Build configuration list for PBXNativeTarget "HRImageScroll" */ = {
			isa = XCConfigurationList;
			buildConfigurations = (
				E1E3AB291CF7FA0500DD5608 /* Debug */,
				E1E3AB2A1CF7FA0500DD5608 /* Release */,
			);
			defaultConfigurationIsVisible = 0;
			defaultConfigurationName = Release;
		};
/* End XCConfigurationList section */
	};
	rootObject = E1E3AB171CF7FA0500DD5608 /* Project object */;
}
